
Microsoft Visual Studio Solution File, Format Version 11.00
# Visual Studio 2010
Project("{F184B08F-C81C-45F6-A57F-5ABD9991F28F}") = "SPPIDDataLayer", "SPPIDDataLayer\SPPIDDataLayer.vbproj", "{5541C20E-0ADA-44E3-B626-7CD54E05C412}"
EndProject
Project("{F184B08F-C81C-45F6-A57F-5ABD9991F28F}") = "SPPIDDataLayer.NUnit", "SPPIDDataLayer.NUnit\SPPIDDataLayer.NUnit.vbproj", "{96C0DC19-E0CB-47A9-9644-50CA526B205B}"
EndProject
Project("{FAE04EC0-301F-11D3-BF4B-00C04F79EFBC}") = "iRINGLibrary.Desktop", "..\..\..\trunk\Libraries\iRINGLibrary\Desktop\iRINGLibrary.Desktop.csproj", "{46FB3942-D0A5-4BFF-97B0-739E56BFB111}"
EndProject
Project("{F184B08F-C81C-45F6-A57F-5ABD9991F28F}") = "TestConsole", "SPPIDDataLayer.Console\TestConsole.vbproj", "{3C8F1877-B4FD-4E6F-9FBA-AFBCD8FAF9AD}"
EndProject
Global
	GlobalSection(SolutionConfigurationPlatforms) = preSolution
		Debug|Any CPU = Debug|Any CPU
		Debug|Mixed Platforms = Debug|Mixed Platforms
		Debug|x86 = Debug|x86
		Default|Any CPU = Default|Any CPU
		Default|Mixed Platforms = Default|Mixed Platforms
		Default|x86 = Default|x86
		Release|Any CPU = Release|Any CPU
		Release|Mixed Platforms = Release|Mixed Platforms
		Release|x86 = Release|x86
	EndGlobalSection
	GlobalSection(ProjectConfigurationPlatforms) = postSolution
		{5541C20E-0ADA-44E3-B626-7CD54E05C412}.Debug|Any CPU.ActiveCfg = Debug|Any CPU
		{5541C20E-0ADA-44E3-B626-7CD54E05C412}.Debug|Any CPU.Build.0 = Debug|Any CPU
		{5541C20E-0ADA-44E3-B626-7CD54E05C412}.Debug|Mixed Platforms.ActiveCfg = Debug|Any CPU
		{5541C20E-0ADA-44E3-B626-7CD54E05C412}.Debug|Mixed Platforms.Build.0 = Debug|Any CPU
		{5541C20E-0ADA-44E3-B626-7CD54E05C412}.Debug|x86.ActiveCfg = Debug|Any CPU
		{5541C20E-0ADA-44E3-B626-7CD54E05C412}.Default|Any CPU.ActiveCfg = Debug|Any CPU
		{5541C20E-0ADA-44E3-B626-7CD54E05C412}.Default|Any CPU.Build.0 = Debug|Any CPU
		{5541C20E-0ADA-44E3-B626-7CD54E05C412}.Default|Mixed Platforms.ActiveCfg = Debug|Any CPU
		{5541C20E-0ADA-44E3-B626-7CD54E05C412}.Default|Mixed Platforms.Build.0 = Debug|Any CPU
		{5541C20E-0ADA-44E3-B626-7CD54E05C412}.Default|x86.ActiveCfg = Debug|Any CPU
		{5541C20E-0ADA-44E3-B626-7CD54E05C412}.Release|Any CPU.ActiveCfg = Release|Any CPU
		{5541C20E-0ADA-44E3-B626-7CD54E05C412}.Release|Any CPU.Build.0 = Release|Any CPU
		{5541C20E-0ADA-44E3-B626-7CD54E05C412}.Release|Mixed Platforms.ActiveCfg = Release|Any CPU
		{5541C20E-0ADA-44E3-B626-7CD54E05C412}.Release|Mixed Platforms.Build.0 = Release|Any CPU
		{5541C20E-0ADA-44E3-B626-7CD54E05C412}.Release|x86.ActiveCfg = Release|Any CPU
		{96C0DC19-E0CB-47A9-9644-50CA526B205B}.Debug|Any CPU.ActiveCfg = Debug|Any CPU
		{96C0DC19-E0CB-47A9-9644-50CA526B205B}.Debug|Any CPU.Build.0 = Debug|Any CPU
		{96C0DC19-E0CB-47A9-9644-50CA526B205B}.Debug|Mixed Platforms.ActiveCfg = Debug|Any CPU
		{96C0DC19-E0CB-47A9-9644-50CA526B205B}.Debug|Mixed Platforms.Build.0 = Debug|Any CPU
		{96C0DC19-E0CB-47A9-9644-50CA526B205B}.Debug|x86.ActiveCfg = Debug|Any CPU
		{96C0DC19-E0CB-47A9-9644-50CA526B205B}.Default|Any CPU.ActiveCfg = Debug|Any CPU
		{96C0DC19-E0CB-47A9-9644-50CA526B205B}.Default|Any CPU.Build.0 = Debug|Any CPU
		{96C0DC19-E0CB-47A9-9644-50CA526B205B}.Default|Mixed Platforms.ActiveCfg = Debug|Any CPU
		{96C0DC19-E0CB-47A9-9644-50CA526B205B}.Default|Mixed Platforms.Build.0 = Debug|Any CPU
		{96C0DC19-E0CB-47A9-9644-50CA526B205B}.Default|x86.ActiveCfg = Debug|Any CPU
		{96C0DC19-E0CB-47A9-9644-50CA526B205B}.Release|Any CPU.ActiveCfg = Release|Any CPU
		{96C0DC19-E0CB-47A9-9644-50CA526B205B}.Release|Any CPU.Build.0 = Release|Any CPU
		{96C0DC19-E0CB-47A9-9644-50CA526B205B}.Release|Mixed Platforms.ActiveCfg = Release|Any CPU
		{96C0DC19-E0CB-47A9-9644-50CA526B205B}.Release|Mixed Platforms.Build.0 = Release|Any CPU
		{96C0DC19-E0CB-47A9-9644-50CA526B205B}.Release|x86.ActiveCfg = Release|Any CPU
		{46FB3942-D0A5-4BFF-97B0-739E56BFB111}.Debug|Any CPU.ActiveCfg = Debug|Any CPU
		{46FB3942-D0A5-4BFF-97B0-739E56BFB111}.Debug|Any CPU.Build.0 = Debug|Any CPU
		{46FB3942-D0A5-4BFF-97B0-739E56BFB111}.Debug|Mixed Platforms.ActiveCfg = Debug|Any CPU
		{46FB3942-D0A5-4BFF-97B0-739E56BFB111}.Debug|Mixed Platforms.Build.0 = Debug|Any CPU
		{46FB3942-D0A5-4BFF-97B0-739E56BFB111}.Debug|x86.ActiveCfg = Debug|Any CPU
		{46FB3942-D0A5-4BFF-97B0-739E56BFB111}.Default|Any CPU.ActiveCfg = Default|Any CPU
		{46FB3942-D0A5-4BFF-97B0-739E56BFB111}.Default|Any CPU.Build.0 = Default|Any CPU
		{46FB3942-D0A5-4BFF-97B0-739E56BFB111}.Default|Mixed Platforms.ActiveCfg = Default|Any CPU
		{46FB3942-D0A5-4BFF-97B0-739E56BFB111}.Default|Mixed Platforms.Build.0 = Default|Any CPU
		{46FB3942-D0A5-4BFF-97B0-739E56BFB111}.Default|x86.ActiveCfg = Default|Any CPU
		{46FB3942-D0A5-4BFF-97B0-739E56BFB111}.Release|Any CPU.ActiveCfg = Release|Any CPU
		{46FB3942-D0A5-4BFF-97B0-739E56BFB111}.Release|Any CPU.Build.0 = Release|Any CPU
		{46FB3942-D0A5-4BFF-97B0-739E56BFB111}.Release|Mixed Platforms.ActiveCfg = Release|Any CPU
		{46FB3942-D0A5-4BFF-97B0-739E56BFB111}.Release|Mixed Platforms.Build.0 = Release|Any CPU
		{46FB3942-D0A5-4BFF-97B0-739E56BFB111}.Release|x86.ActiveCfg = Release|Any CPU
		{3C8F1877-B4FD-4E6F-9FBA-AFBCD8FAF9AD}.Debug|Any CPU.ActiveCfg = Debug|x86
		{3C8F1877-B4FD-4E6F-9FBA-AFBCD8FAF9AD}.Debug|Mixed Platforms.ActiveCfg = Debug|x86
		{3C8F1877-B4FD-4E6F-9FBA-AFBCD8FAF9AD}.Debug|Mixed Platforms.Build.0 = Debug|x86
		{3C8F1877-B4FD-4E6F-9FBA-AFBCD8FAF9AD}.Debug|x86.ActiveCfg = Debug|x86
		{3C8F1877-B4FD-4E6F-9FBA-AFBCD8FAF9AD}.Debug|x86.Build.0 = Debug|x86
		{3C8F1877-B4FD-4E6F-9FBA-AFBCD8FAF9AD}.Default|Any CPU.ActiveCfg = Debug|x86
		{3C8F1877-B4FD-4E6F-9FBA-AFBCD8FAF9AD}.Default|Mixed Platforms.ActiveCfg = Debug|x86
		{3C8F1877-B4FD-4E6F-9FBA-AFBCD8FAF9AD}.Default|Mixed Platforms.Build.0 = Debug|x86
		{3C8F1877-B4FD-4E6F-9FBA-AFBCD8FAF9AD}.Default|x86.ActiveCfg = Debug|x86
		{3C8F1877-B4FD-4E6F-9FBA-AFBCD8FAF9AD}.Default|x86.Build.0 = Debug|x86
		{3C8F1877-B4FD-4E6F-9FBA-AFBCD8FAF9AD}.Release|Any CPU.ActiveCfg = Release|x86
		{3C8F1877-B4FD-4E6F-9FBA-AFBCD8FAF9AD}.Release|Mixed Platforms.ActiveCfg = Release|x86
		{3C8F1877-B4FD-4E6F-9FBA-AFBCD8FAF9AD}.Release|Mixed Platforms.Build.0 = Release|x86
		{3C8F1877-B4FD-4E6F-9FBA-AFBCD8FAF9AD}.Release|x86.ActiveCfg = Release|x86
		{3C8F1877-B4FD-4E6F-9FBA-AFBCD8FAF9AD}.Release|x86.Build.0 = Release|x86
	EndGlobalSection
	GlobalSection(SolutionProperties) = preSolution
		HideSolutionNode = FALSE
	EndGlobalSection
EndGlobal
