
Microsoft Visual Studio Solution File, Format Version 11.00
# Visual Studio 2010
Project("{FAE04EC0-301F-11D3-BF4B-00C04F79EFBC}") = "iRINGTools.Data", "iRINGTools.Data\iRINGTools.Data.csproj", "{D06DADA4-912A-44D5-A88E-14E8331F908C}"
EndProject
Project("{FAE04EC0-301F-11D3-BF4B-00C04F79EFBC}") = "iRINGTools.Services", "iRINGTools.Services\iRINGTools.Services.csproj", "{1363A5C5-78FC-4FFC-9768-AB84E6055F66}"
EndProject
Project("{FAE04EC0-301F-11D3-BF4B-00C04F79EFBC}") = "iRINGTools.Tests", "iRINGTools.Tests\iRINGTools.Tests.csproj", "{3F308DD2-439F-40F2-9588-4EEE04B9C812}"
EndProject
Project("{2150E333-8FDC-42A3-9474-1A3956D46DE8}") = "Solution Items", "Solution Items", "{3E820E80-E311-447A-9940-784C1589494E}"
	ProjectSection(SolutionItems) = preProject
		iRINGTools.Framework.vsmdi = iRINGTools.Framework.vsmdi
		Local.testsettings = Local.testsettings
		TraceAndTestImpact.testsettings = TraceAndTestImpact.testsettings
	EndProjectSection
EndProject
Project("{FAE04EC0-301F-11D3-BF4B-00C04F79EFBC}") = "iRINGTools.TestsIntergration", "iRINGTools.IntergrationTests\iRINGTools.TestsIntergration.csproj", "{63879426-5B2B-49EA-B44F-45CBC07A8F20}"
EndProject
Project("{FAE04EC0-301F-11D3-BF4B-00C04F79EFBC}") = "iRINGTools.Web", "iRINGTools.Web\iRINGTools.Web.csproj", "{E9DA9F90-29D3-450E-8A4A-2436CC1C2A20}"
EndProject
Project("{FAE04EC0-301F-11D3-BF4B-00C04F79EFBC}") = "iRINGTools.App", "iRINGTools.App\iRINGTools.App.csproj", "{9200CBF3-C5F5-43C8-849C-132FEE155009}"
EndProject
Global
	GlobalSection(TestCaseManagementSettings) = postSolution
		CategoryFile = iRINGTools.Framework.vsmdi
	EndGlobalSection
	GlobalSection(SolutionConfigurationPlatforms) = preSolution
		Debug|Any CPU = Debug|Any CPU
		Release|Any CPU = Release|Any CPU
	EndGlobalSection
	GlobalSection(ProjectConfigurationPlatforms) = postSolution
		{D06DADA4-912A-44D5-A88E-14E8331F908C}.Debug|Any CPU.ActiveCfg = Debug|Any CPU
		{D06DADA4-912A-44D5-A88E-14E8331F908C}.Debug|Any CPU.Build.0 = Debug|Any CPU
		{D06DADA4-912A-44D5-A88E-14E8331F908C}.Release|Any CPU.ActiveCfg = Release|Any CPU
		{D06DADA4-912A-44D5-A88E-14E8331F908C}.Release|Any CPU.Build.0 = Release|Any CPU
		{1363A5C5-78FC-4FFC-9768-AB84E6055F66}.Debug|Any CPU.ActiveCfg = Debug|Any CPU
		{1363A5C5-78FC-4FFC-9768-AB84E6055F66}.Debug|Any CPU.Build.0 = Debug|Any CPU
		{1363A5C5-78FC-4FFC-9768-AB84E6055F66}.Release|Any CPU.ActiveCfg = Release|Any CPU
		{1363A5C5-78FC-4FFC-9768-AB84E6055F66}.Release|Any CPU.Build.0 = Release|Any CPU
		{3F308DD2-439F-40F2-9588-4EEE04B9C812}.Debug|Any CPU.ActiveCfg = Debug|Any CPU
		{3F308DD2-439F-40F2-9588-4EEE04B9C812}.Debug|Any CPU.Build.0 = Debug|Any CPU
		{3F308DD2-439F-40F2-9588-4EEE04B9C812}.Release|Any CPU.ActiveCfg = Release|Any CPU
		{3F308DD2-439F-40F2-9588-4EEE04B9C812}.Release|Any CPU.Build.0 = Release|Any CPU
		{63879426-5B2B-49EA-B44F-45CBC07A8F20}.Debug|Any CPU.ActiveCfg = Debug|Any CPU
		{63879426-5B2B-49EA-B44F-45CBC07A8F20}.Debug|Any CPU.Build.0 = Debug|Any CPU
		{63879426-5B2B-49EA-B44F-45CBC07A8F20}.Release|Any CPU.ActiveCfg = Release|Any CPU
		{63879426-5B2B-49EA-B44F-45CBC07A8F20}.Release|Any CPU.Build.0 = Release|Any CPU
		{E9DA9F90-29D3-450E-8A4A-2436CC1C2A20}.Debug|Any CPU.ActiveCfg = Debug|Any CPU
		{E9DA9F90-29D3-450E-8A4A-2436CC1C2A20}.Debug|Any CPU.Build.0 = Debug|Any CPU
		{E9DA9F90-29D3-450E-8A4A-2436CC1C2A20}.Release|Any CPU.ActiveCfg = Release|Any CPU
		{E9DA9F90-29D3-450E-8A4A-2436CC1C2A20}.Release|Any CPU.Build.0 = Release|Any CPU
		{9200CBF3-C5F5-43C8-849C-132FEE155009}.Debug|Any CPU.ActiveCfg = Debug|Any CPU
		{9200CBF3-C5F5-43C8-849C-132FEE155009}.Debug|Any CPU.Build.0 = Debug|Any CPU
		{9200CBF3-C5F5-43C8-849C-132FEE155009}.Release|Any CPU.ActiveCfg = Release|Any CPU
		{9200CBF3-C5F5-43C8-849C-132FEE155009}.Release|Any CPU.Build.0 = Release|Any CPU
	EndGlobalSection
	GlobalSection(SolutionProperties) = preSolution
		HideSolutionNode = FALSE
	EndGlobalSection
EndGlobal
