
Microsoft Visual Studio Solution File, Format Version 11.00
# Visual Studio 2010
Project("{2150E333-8FDC-42A3-9474-1A3956D46DE8}") = "Libraries", "Libraries", "{9589D070-E5C0-415E-B2D6-2AC6A25E7832}"
EndProject
Project("{2150E333-8FDC-42A3-9474-1A3956D46DE8}") = "Utilities", "Utilities", "{0CE13F71-3913-4C34-863E-FF1A7788C177}"
EndProject
Project("{2150E333-8FDC-42A3-9474-1A3956D46DE8}") = "Solution Items", "Solution Items", "{8DC0E577-3416-41FD-80BA-11DDE04C1BAE}"
	ProjectSection(SolutionItems) = preProject
		AdapterService.testrunconfig = AdapterService.testrunconfig
		build.xml = build.xml
		iring-tools1.vsmdi = iring-tools1.vsmdi
	EndProjectSection
EndProject
Project("{2150E333-8FDC-42A3-9474-1A3956D46DE8}") = "QMXFTransforms", "QMXFTransforms", "{0A204D3D-73E9-4C85-A601-D91282B4CA16}"
	ProjectSection(SolutionItems) = preProject
		Utilities\QMXFTransforms\entities.dtd = Utilities\QMXFTransforms\entities.dtd
		Utilities\QMXFTransforms\QMXF.xml = Utilities\QMXFTransforms\QMXF.xml
		Utilities\QMXFTransforms\qmxf2qxf.xsl = Utilities\QMXFTransforms\qmxf2qxf.xsl
		Utilities\QMXFTransforms\QXF.xml = Utilities\QMXFTransforms\QXF.xml
		Utilities\QMXFTransforms\qxf.xsd = Utilities\QMXFTransforms\qxf.xsd
		Utilities\QMXFTransforms\qxf2rdf.xsl = Utilities\QMXFTransforms\qxf2rdf.xsl
		Utilities\QMXFTransforms\RDF.xml = Utilities\QMXFTransforms\RDF.xml
		Utilities\QMXFTransforms\schema.dtd = Utilities\QMXFTransforms\schema.dtd
	EndProjectSection
EndProject
Project("{FAE04EC0-301F-11D3-BF4B-00C04F79EFBC}") = "UtilityLibrary.Desktop", "Libraries\UtilityLibrary\Desktop\UtilityLibrary.Desktop.csproj", "{E937EE2D-064B-4EDA-9E81-7E7F509A784A}"
EndProject
Project("{FAE04EC0-301F-11D3-BF4B-00C04F79EFBC}") = "EncryptCredentials", "Utilities\EncryptCredentials\EncryptCredentials.csproj", "{47F8BAD7-332C-4463-8AA1-5BC7F9B3A663}"
EndProject
Project("{FAE04EC0-301F-11D3-BF4B-00C04F79EFBC}") = "iRINGLibrary.Desktop", "Libraries\iRINGLibrary\Desktop\iRINGLibrary.Desktop.csproj", "{46FB3942-D0A5-4BFF-97B0-739E56BFB111}"
EndProject
Project("{FAE04EC0-301F-11D3-BF4B-00C04F79EFBC}") = "AdapterLibrary", "Libraries\AdapterLibrary\AdapterLibrary.csproj", "{6AFEF057-8D02-4F3C-AC41-6815E9CFD15A}"
EndProject
Project("{FAE04EC0-301F-11D3-BF4B-00C04F79EFBC}") = "RdfImportExport", "Utilities\RdfImportExport\RdfImportExport\RdfImportExport.csproj", "{FFBAFDB9-201D-42BB-8BA4-A5F6180F0333}"
EndProject
Project("{FAE04EC0-301F-11D3-BF4B-00C04F79EFBC}") = "ReferenceDataLibrary", "Libraries\ReferenceDataLibrary\ReferenceDataLibrary.csproj", "{F271963F-10B1-4495-B047-BD5A977ED187}"
EndProject
Project("{FAE04EC0-301F-11D3-BF4B-00C04F79EFBC}") = "NHibernateLibrary", "Libraries\NHibernateLibrary\NHibernateLibrary.csproj", "{02377ADB-F40D-4AD0-B8A8-95810CB55047}"
EndProject
Project("{FAE04EC0-301F-11D3-BF4B-00C04F79EFBC}") = "iRINGTools.Services", "iRINGTools.Services\iRINGTools.Services.csproj", "{F1FB051C-DFBD-4017-A248-9BE61D26EA70}"
EndProject
Project("{FAE04EC0-301F-11D3-BF4B-00C04F79EFBC}") = "iRINGTools.Applications", "iRINGTools.Applications\iRINGTools.Applications.csproj", "{130ACD72-B533-45A4-AF3D-1CB69C53ACEF}"
EndProject
Project("{FAE04EC0-301F-11D3-BF4B-00C04F79EFBC}") = "ExcelLibrary", "Libraries\ExcelLibrary\ExcelLibrary\ExcelLibrary.csproj", "{4DDB5151-FE9D-4041-BA46-63486D7DA32D}"
EndProject
Project("{FAE04EC0-301F-11D3-BF4B-00C04F79EFBC}") = "MSSQLLibrary", "Libraries\MSSQLLibrary\MSSQLLibrary.csproj", "{B696E03C-AF7F-46B6-B66D-D1F8E3655425}"
EndProject
Project("{FAE04EC0-301F-11D3-BF4B-00C04F79EFBC}") = "QMXFGenerator", "Utilities\QMXFGenerator\QMXFGenerator.csproj", "{91086100-C634-450F-A560-4B5EFCBBF8E6}"
EndProject
Project("{FAE04EC0-301F-11D3-BF4B-00C04F79EFBC}") = "ProxyConfig", "Utilities\ProxyConfig\ProxyConfig.csproj", "{12822A05-394F-42BE-8D77-BCAE438E808E}"
EndProject
Global
	GlobalSection(TestCaseManagementSettings) = postSolution
		CategoryFile = iring-tools1.vsmdi
	EndGlobalSection
	GlobalSection(SolutionConfigurationPlatforms) = preSolution
		Debug|Any CPU = Debug|Any CPU
		Debug|Mixed Platforms = Debug|Mixed Platforms
		Debug|x86 = Debug|x86
		Default|Any CPU = Default|Any CPU
		Default|Mixed Platforms = Default|Mixed Platforms
		Default|x86 = Default|x86
		Demo|Any CPU = Demo|Any CPU
		Demo|Mixed Platforms = Demo|Mixed Platforms
		Demo|x86 = Demo|x86
		MobileDev|Any CPU = MobileDev|Any CPU
		MobileDev|Mixed Platforms = MobileDev|Mixed Platforms
		MobileDev|x86 = MobileDev|x86
		Release|Any CPU = Release|Any CPU
		Release|Mixed Platforms = Release|Mixed Platforms
		Release|x86 = Release|x86
	EndGlobalSection
	GlobalSection(ProjectConfigurationPlatforms) = postSolution
		{E937EE2D-064B-4EDA-9E81-7E7F509A784A}.Debug|Any CPU.ActiveCfg = Debug|Any CPU
		{E937EE2D-064B-4EDA-9E81-7E7F509A784A}.Debug|Any CPU.Build.0 = Debug|Any CPU
		{E937EE2D-064B-4EDA-9E81-7E7F509A784A}.Debug|Mixed Platforms.ActiveCfg = Debug|Any CPU
		{E937EE2D-064B-4EDA-9E81-7E7F509A784A}.Debug|Mixed Platforms.Build.0 = Debug|Any CPU
		{E937EE2D-064B-4EDA-9E81-7E7F509A784A}.Debug|x86.ActiveCfg = Debug|Any CPU
		{E937EE2D-064B-4EDA-9E81-7E7F509A784A}.Default|Any CPU.ActiveCfg = Default|Any CPU
		{E937EE2D-064B-4EDA-9E81-7E7F509A784A}.Default|Any CPU.Build.0 = Default|Any CPU
		{E937EE2D-064B-4EDA-9E81-7E7F509A784A}.Default|Mixed Platforms.ActiveCfg = Default|Any CPU
		{E937EE2D-064B-4EDA-9E81-7E7F509A784A}.Default|Mixed Platforms.Build.0 = Default|Any CPU
		{E937EE2D-064B-4EDA-9E81-7E7F509A784A}.Default|x86.ActiveCfg = Default|Any CPU
		{E937EE2D-064B-4EDA-9E81-7E7F509A784A}.Demo|Any CPU.ActiveCfg = Debug|Any CPU
		{E937EE2D-064B-4EDA-9E81-7E7F509A784A}.Demo|Any CPU.Build.0 = Debug|Any CPU
		{E937EE2D-064B-4EDA-9E81-7E7F509A784A}.Demo|Mixed Platforms.ActiveCfg = Debug|Any CPU
		{E937EE2D-064B-4EDA-9E81-7E7F509A784A}.Demo|Mixed Platforms.Build.0 = Debug|Any CPU
		{E937EE2D-064B-4EDA-9E81-7E7F509A784A}.Demo|x86.ActiveCfg = Debug|Any CPU
		{E937EE2D-064B-4EDA-9E81-7E7F509A784A}.MobileDev|Any CPU.ActiveCfg = Release|Any CPU
		{E937EE2D-064B-4EDA-9E81-7E7F509A784A}.MobileDev|Any CPU.Build.0 = Release|Any CPU
		{E937EE2D-064B-4EDA-9E81-7E7F509A784A}.MobileDev|Mixed Platforms.ActiveCfg = Release|Any CPU
		{E937EE2D-064B-4EDA-9E81-7E7F509A784A}.MobileDev|Mixed Platforms.Build.0 = Release|Any CPU
		{E937EE2D-064B-4EDA-9E81-7E7F509A784A}.MobileDev|x86.ActiveCfg = Release|Any CPU
		{E937EE2D-064B-4EDA-9E81-7E7F509A784A}.Release|Any CPU.ActiveCfg = Release|Any CPU
		{E937EE2D-064B-4EDA-9E81-7E7F509A784A}.Release|Any CPU.Build.0 = Release|Any CPU
		{E937EE2D-064B-4EDA-9E81-7E7F509A784A}.Release|Mixed Platforms.ActiveCfg = Release|Any CPU
		{E937EE2D-064B-4EDA-9E81-7E7F509A784A}.Release|Mixed Platforms.Build.0 = Release|Any CPU
		{E937EE2D-064B-4EDA-9E81-7E7F509A784A}.Release|x86.ActiveCfg = Release|Any CPU
		{47F8BAD7-332C-4463-8AA1-5BC7F9B3A663}.Debug|Any CPU.ActiveCfg = Debug|Any CPU
		{47F8BAD7-332C-4463-8AA1-5BC7F9B3A663}.Debug|Any CPU.Build.0 = Debug|Any CPU
		{47F8BAD7-332C-4463-8AA1-5BC7F9B3A663}.Debug|Mixed Platforms.ActiveCfg = Debug|Any CPU
		{47F8BAD7-332C-4463-8AA1-5BC7F9B3A663}.Debug|Mixed Platforms.Build.0 = Debug|Any CPU
		{47F8BAD7-332C-4463-8AA1-5BC7F9B3A663}.Debug|x86.ActiveCfg = Debug|Any CPU
		{47F8BAD7-332C-4463-8AA1-5BC7F9B3A663}.Default|Any CPU.ActiveCfg = Default|Any CPU
		{47F8BAD7-332C-4463-8AA1-5BC7F9B3A663}.Default|Any CPU.Build.0 = Default|Any CPU
		{47F8BAD7-332C-4463-8AA1-5BC7F9B3A663}.Default|Mixed Platforms.ActiveCfg = Default|Any CPU
		{47F8BAD7-332C-4463-8AA1-5BC7F9B3A663}.Default|Mixed Platforms.Build.0 = Default|Any CPU
		{47F8BAD7-332C-4463-8AA1-5BC7F9B3A663}.Default|x86.ActiveCfg = Default|Any CPU
		{47F8BAD7-332C-4463-8AA1-5BC7F9B3A663}.Demo|Any CPU.ActiveCfg = Debug|Any CPU
		{47F8BAD7-332C-4463-8AA1-5BC7F9B3A663}.Demo|Any CPU.Build.0 = Debug|Any CPU
		{47F8BAD7-332C-4463-8AA1-5BC7F9B3A663}.Demo|Mixed Platforms.ActiveCfg = Debug|Any CPU
		{47F8BAD7-332C-4463-8AA1-5BC7F9B3A663}.Demo|Mixed Platforms.Build.0 = Debug|Any CPU
		{47F8BAD7-332C-4463-8AA1-5BC7F9B3A663}.Demo|x86.ActiveCfg = Debug|Any CPU
		{47F8BAD7-332C-4463-8AA1-5BC7F9B3A663}.MobileDev|Any CPU.ActiveCfg = Release|Any CPU
		{47F8BAD7-332C-4463-8AA1-5BC7F9B3A663}.MobileDev|Any CPU.Build.0 = Release|Any CPU
		{47F8BAD7-332C-4463-8AA1-5BC7F9B3A663}.MobileDev|Mixed Platforms.ActiveCfg = Release|Any CPU
		{47F8BAD7-332C-4463-8AA1-5BC7F9B3A663}.MobileDev|Mixed Platforms.Build.0 = Release|Any CPU
		{47F8BAD7-332C-4463-8AA1-5BC7F9B3A663}.MobileDev|x86.ActiveCfg = Release|Any CPU
		{47F8BAD7-332C-4463-8AA1-5BC7F9B3A663}.Release|Any CPU.ActiveCfg = Release|Any CPU
		{47F8BAD7-332C-4463-8AA1-5BC7F9B3A663}.Release|Any CPU.Build.0 = Release|Any CPU
		{47F8BAD7-332C-4463-8AA1-5BC7F9B3A663}.Release|Mixed Platforms.ActiveCfg = Release|Any CPU
		{47F8BAD7-332C-4463-8AA1-5BC7F9B3A663}.Release|Mixed Platforms.Build.0 = Release|Any CPU
		{47F8BAD7-332C-4463-8AA1-5BC7F9B3A663}.Release|x86.ActiveCfg = Release|Any CPU
		{46FB3942-D0A5-4BFF-97B0-739E56BFB111}.Debug|Any CPU.ActiveCfg = Debug|Any CPU
		{46FB3942-D0A5-4BFF-97B0-739E56BFB111}.Debug|Any CPU.Build.0 = Debug|Any CPU
		{46FB3942-D0A5-4BFF-97B0-739E56BFB111}.Debug|Mixed Platforms.ActiveCfg = Debug|Any CPU
		{46FB3942-D0A5-4BFF-97B0-739E56BFB111}.Debug|Mixed Platforms.Build.0 = Debug|Any CPU
		{46FB3942-D0A5-4BFF-97B0-739E56BFB111}.Debug|x86.ActiveCfg = Debug|Any CPU
		{46FB3942-D0A5-4BFF-97B0-739E56BFB111}.Default|Any CPU.ActiveCfg = Default|Any CPU
		{46FB3942-D0A5-4BFF-97B0-739E56BFB111}.Default|Any CPU.Build.0 = Default|Any CPU
		{46FB3942-D0A5-4BFF-97B0-739E56BFB111}.Default|Mixed Platforms.ActiveCfg = Default|Any CPU
		{46FB3942-D0A5-4BFF-97B0-739E56BFB111}.Default|Mixed Platforms.Build.0 = Default|Any CPU
		{46FB3942-D0A5-4BFF-97B0-739E56BFB111}.Default|x86.ActiveCfg = Default|Any CPU
		{46FB3942-D0A5-4BFF-97B0-739E56BFB111}.Demo|Any CPU.ActiveCfg = Debug|Any CPU
		{46FB3942-D0A5-4BFF-97B0-739E56BFB111}.Demo|Any CPU.Build.0 = Debug|Any CPU
		{46FB3942-D0A5-4BFF-97B0-739E56BFB111}.Demo|Mixed Platforms.ActiveCfg = Debug|Any CPU
		{46FB3942-D0A5-4BFF-97B0-739E56BFB111}.Demo|Mixed Platforms.Build.0 = Debug|Any CPU
		{46FB3942-D0A5-4BFF-97B0-739E56BFB111}.Demo|x86.ActiveCfg = Debug|Any CPU
		{46FB3942-D0A5-4BFF-97B0-739E56BFB111}.MobileDev|Any CPU.ActiveCfg = Release|Any CPU
		{46FB3942-D0A5-4BFF-97B0-739E56BFB111}.MobileDev|Any CPU.Build.0 = Release|Any CPU
		{46FB3942-D0A5-4BFF-97B0-739E56BFB111}.MobileDev|Mixed Platforms.ActiveCfg = Release|Any CPU
		{46FB3942-D0A5-4BFF-97B0-739E56BFB111}.MobileDev|Mixed Platforms.Build.0 = Release|Any CPU
		{46FB3942-D0A5-4BFF-97B0-739E56BFB111}.MobileDev|x86.ActiveCfg = Release|Any CPU
		{46FB3942-D0A5-4BFF-97B0-739E56BFB111}.Release|Any CPU.ActiveCfg = Release|Any CPU
		{46FB3942-D0A5-4BFF-97B0-739E56BFB111}.Release|Any CPU.Build.0 = Release|Any CPU
		{46FB3942-D0A5-4BFF-97B0-739E56BFB111}.Release|Mixed Platforms.ActiveCfg = Release|Any CPU
		{46FB3942-D0A5-4BFF-97B0-739E56BFB111}.Release|Mixed Platforms.Build.0 = Release|Any CPU
		{46FB3942-D0A5-4BFF-97B0-739E56BFB111}.Release|x86.ActiveCfg = Release|Any CPU
		{6AFEF057-8D02-4F3C-AC41-6815E9CFD15A}.Debug|Any CPU.ActiveCfg = Debug|Any CPU
		{6AFEF057-8D02-4F3C-AC41-6815E9CFD15A}.Debug|Any CPU.Build.0 = Debug|Any CPU
		{6AFEF057-8D02-4F3C-AC41-6815E9CFD15A}.Debug|Mixed Platforms.ActiveCfg = Debug|Any CPU
		{6AFEF057-8D02-4F3C-AC41-6815E9CFD15A}.Debug|Mixed Platforms.Build.0 = Debug|Any CPU
		{6AFEF057-8D02-4F3C-AC41-6815E9CFD15A}.Debug|x86.ActiveCfg = Debug|Any CPU
		{6AFEF057-8D02-4F3C-AC41-6815E9CFD15A}.Default|Any CPU.ActiveCfg = Default|Any CPU
		{6AFEF057-8D02-4F3C-AC41-6815E9CFD15A}.Default|Any CPU.Build.0 = Default|Any CPU
		{6AFEF057-8D02-4F3C-AC41-6815E9CFD15A}.Default|Mixed Platforms.ActiveCfg = Default|Any CPU
		{6AFEF057-8D02-4F3C-AC41-6815E9CFD15A}.Default|Mixed Platforms.Build.0 = Default|Any CPU
		{6AFEF057-8D02-4F3C-AC41-6815E9CFD15A}.Default|x86.ActiveCfg = Default|Any CPU
		{6AFEF057-8D02-4F3C-AC41-6815E9CFD15A}.Demo|Any CPU.ActiveCfg = Debug|Any CPU
		{6AFEF057-8D02-4F3C-AC41-6815E9CFD15A}.Demo|Any CPU.Build.0 = Debug|Any CPU
		{6AFEF057-8D02-4F3C-AC41-6815E9CFD15A}.Demo|Mixed Platforms.ActiveCfg = Debug|Any CPU
		{6AFEF057-8D02-4F3C-AC41-6815E9CFD15A}.Demo|Mixed Platforms.Build.0 = Debug|Any CPU
		{6AFEF057-8D02-4F3C-AC41-6815E9CFD15A}.Demo|x86.ActiveCfg = Debug|Any CPU
		{6AFEF057-8D02-4F3C-AC41-6815E9CFD15A}.MobileDev|Any CPU.ActiveCfg = Release|Any CPU
		{6AFEF057-8D02-4F3C-AC41-6815E9CFD15A}.MobileDev|Any CPU.Build.0 = Release|Any CPU
		{6AFEF057-8D02-4F3C-AC41-6815E9CFD15A}.MobileDev|Mixed Platforms.ActiveCfg = Release|Any CPU
		{6AFEF057-8D02-4F3C-AC41-6815E9CFD15A}.MobileDev|Mixed Platforms.Build.0 = Release|Any CPU
		{6AFEF057-8D02-4F3C-AC41-6815E9CFD15A}.MobileDev|x86.ActiveCfg = Release|Any CPU
		{6AFEF057-8D02-4F3C-AC41-6815E9CFD15A}.Release|Any CPU.ActiveCfg = Release|Any CPU
		{6AFEF057-8D02-4F3C-AC41-6815E9CFD15A}.Release|Any CPU.Build.0 = Release|Any CPU
		{6AFEF057-8D02-4F3C-AC41-6815E9CFD15A}.Release|Mixed Platforms.ActiveCfg = Release|Any CPU
		{6AFEF057-8D02-4F3C-AC41-6815E9CFD15A}.Release|Mixed Platforms.Build.0 = Release|Any CPU
		{6AFEF057-8D02-4F3C-AC41-6815E9CFD15A}.Release|x86.ActiveCfg = Release|Any CPU
		{FFBAFDB9-201D-42BB-8BA4-A5F6180F0333}.Debug|Any CPU.ActiveCfg = Debug|x86
		{FFBAFDB9-201D-42BB-8BA4-A5F6180F0333}.Debug|Mixed Platforms.ActiveCfg = Debug|x86
		{FFBAFDB9-201D-42BB-8BA4-A5F6180F0333}.Debug|Mixed Platforms.Build.0 = Debug|x86
		{FFBAFDB9-201D-42BB-8BA4-A5F6180F0333}.Debug|x86.ActiveCfg = Debug|x86
		{FFBAFDB9-201D-42BB-8BA4-A5F6180F0333}.Debug|x86.Build.0 = Debug|x86
		{FFBAFDB9-201D-42BB-8BA4-A5F6180F0333}.Default|Any CPU.ActiveCfg = Default|x86
		{FFBAFDB9-201D-42BB-8BA4-A5F6180F0333}.Default|Mixed Platforms.ActiveCfg = Default|x86
		{FFBAFDB9-201D-42BB-8BA4-A5F6180F0333}.Default|Mixed Platforms.Build.0 = Default|x86
		{FFBAFDB9-201D-42BB-8BA4-A5F6180F0333}.Default|x86.ActiveCfg = Default|x86
		{FFBAFDB9-201D-42BB-8BA4-A5F6180F0333}.Demo|Any CPU.ActiveCfg = Debug|x86
		{FFBAFDB9-201D-42BB-8BA4-A5F6180F0333}.Demo|Mixed Platforms.ActiveCfg = Debug|x86
		{FFBAFDB9-201D-42BB-8BA4-A5F6180F0333}.Demo|Mixed Platforms.Build.0 = Debug|x86
		{FFBAFDB9-201D-42BB-8BA4-A5F6180F0333}.Demo|x86.ActiveCfg = Debug|x86
		{FFBAFDB9-201D-42BB-8BA4-A5F6180F0333}.Demo|x86.Build.0 = Debug|x86
		{FFBAFDB9-201D-42BB-8BA4-A5F6180F0333}.MobileDev|Any CPU.ActiveCfg = Release|x86
		{FFBAFDB9-201D-42BB-8BA4-A5F6180F0333}.MobileDev|Mixed Platforms.ActiveCfg = Release|x86
		{FFBAFDB9-201D-42BB-8BA4-A5F6180F0333}.MobileDev|Mixed Platforms.Build.0 = Release|x86
		{FFBAFDB9-201D-42BB-8BA4-A5F6180F0333}.MobileDev|x86.ActiveCfg = Release|x86
		{FFBAFDB9-201D-42BB-8BA4-A5F6180F0333}.MobileDev|x86.Build.0 = Release|x86
		{FFBAFDB9-201D-42BB-8BA4-A5F6180F0333}.Release|Any CPU.ActiveCfg = Release|x86
		{FFBAFDB9-201D-42BB-8BA4-A5F6180F0333}.Release|Mixed Platforms.ActiveCfg = Release|x86
		{FFBAFDB9-201D-42BB-8BA4-A5F6180F0333}.Release|Mixed Platforms.Build.0 = Release|x86
		{FFBAFDB9-201D-42BB-8BA4-A5F6180F0333}.Release|x86.ActiveCfg = Release|x86
		{FFBAFDB9-201D-42BB-8BA4-A5F6180F0333}.Release|x86.Build.0 = Release|x86
		{F271963F-10B1-4495-B047-BD5A977ED187}.Debug|Any CPU.ActiveCfg = Debug|Any CPU
		{F271963F-10B1-4495-B047-BD5A977ED187}.Debug|Any CPU.Build.0 = Debug|Any CPU
		{F271963F-10B1-4495-B047-BD5A977ED187}.Debug|Mixed Platforms.ActiveCfg = Debug|Any CPU
		{F271963F-10B1-4495-B047-BD5A977ED187}.Debug|Mixed Platforms.Build.0 = Debug|Any CPU
		{F271963F-10B1-4495-B047-BD5A977ED187}.Debug|x86.ActiveCfg = Debug|Any CPU
		{F271963F-10B1-4495-B047-BD5A977ED187}.Default|Any CPU.ActiveCfg = Debug|Any CPU
		{F271963F-10B1-4495-B047-BD5A977ED187}.Default|Any CPU.Build.0 = Debug|Any CPU
		{F271963F-10B1-4495-B047-BD5A977ED187}.Default|Mixed Platforms.ActiveCfg = Debug|Any CPU
		{F271963F-10B1-4495-B047-BD5A977ED187}.Default|Mixed Platforms.Build.0 = Debug|Any CPU
		{F271963F-10B1-4495-B047-BD5A977ED187}.Default|x86.ActiveCfg = Debug|Any CPU
		{F271963F-10B1-4495-B047-BD5A977ED187}.Demo|Any CPU.ActiveCfg = Debug|Any CPU
		{F271963F-10B1-4495-B047-BD5A977ED187}.Demo|Any CPU.Build.0 = Debug|Any CPU
		{F271963F-10B1-4495-B047-BD5A977ED187}.Demo|Mixed Platforms.ActiveCfg = Debug|Any CPU
		{F271963F-10B1-4495-B047-BD5A977ED187}.Demo|Mixed Platforms.Build.0 = Debug|Any CPU
		{F271963F-10B1-4495-B047-BD5A977ED187}.Demo|x86.ActiveCfg = Debug|Any CPU
		{F271963F-10B1-4495-B047-BD5A977ED187}.MobileDev|Any CPU.ActiveCfg = Release|Any CPU
		{F271963F-10B1-4495-B047-BD5A977ED187}.MobileDev|Any CPU.Build.0 = Release|Any CPU
		{F271963F-10B1-4495-B047-BD5A977ED187}.MobileDev|Mixed Platforms.ActiveCfg = Release|Any CPU
		{F271963F-10B1-4495-B047-BD5A977ED187}.MobileDev|Mixed Platforms.Build.0 = Release|Any CPU
		{F271963F-10B1-4495-B047-BD5A977ED187}.MobileDev|x86.ActiveCfg = Release|Any CPU
		{F271963F-10B1-4495-B047-BD5A977ED187}.Release|Any CPU.ActiveCfg = Release|Any CPU
		{F271963F-10B1-4495-B047-BD5A977ED187}.Release|Any CPU.Build.0 = Release|Any CPU
		{F271963F-10B1-4495-B047-BD5A977ED187}.Release|Mixed Platforms.ActiveCfg = Release|Any CPU
		{F271963F-10B1-4495-B047-BD5A977ED187}.Release|Mixed Platforms.Build.0 = Release|Any CPU
		{F271963F-10B1-4495-B047-BD5A977ED187}.Release|x86.ActiveCfg = Release|Any CPU
		{02377ADB-F40D-4AD0-B8A8-95810CB55047}.Debug|Any CPU.ActiveCfg = Debug|Any CPU
		{02377ADB-F40D-4AD0-B8A8-95810CB55047}.Debug|Any CPU.Build.0 = Debug|Any CPU
		{02377ADB-F40D-4AD0-B8A8-95810CB55047}.Debug|Mixed Platforms.ActiveCfg = Debug|Any CPU
		{02377ADB-F40D-4AD0-B8A8-95810CB55047}.Debug|Mixed Platforms.Build.0 = Debug|Any CPU
		{02377ADB-F40D-4AD0-B8A8-95810CB55047}.Debug|x86.ActiveCfg = Debug|Any CPU
		{02377ADB-F40D-4AD0-B8A8-95810CB55047}.Default|Any CPU.ActiveCfg = Debug|Any CPU
		{02377ADB-F40D-4AD0-B8A8-95810CB55047}.Default|Any CPU.Build.0 = Debug|Any CPU
		{02377ADB-F40D-4AD0-B8A8-95810CB55047}.Default|Mixed Platforms.ActiveCfg = Debug|Any CPU
		{02377ADB-F40D-4AD0-B8A8-95810CB55047}.Default|Mixed Platforms.Build.0 = Debug|Any CPU
		{02377ADB-F40D-4AD0-B8A8-95810CB55047}.Default|x86.ActiveCfg = Debug|Any CPU
		{02377ADB-F40D-4AD0-B8A8-95810CB55047}.Demo|Any CPU.ActiveCfg = Debug|Any CPU
		{02377ADB-F40D-4AD0-B8A8-95810CB55047}.Demo|Any CPU.Build.0 = Debug|Any CPU
		{02377ADB-F40D-4AD0-B8A8-95810CB55047}.Demo|Mixed Platforms.ActiveCfg = Debug|Any CPU
		{02377ADB-F40D-4AD0-B8A8-95810CB55047}.Demo|Mixed Platforms.Build.0 = Debug|Any CPU
		{02377ADB-F40D-4AD0-B8A8-95810CB55047}.Demo|x86.ActiveCfg = Debug|Any CPU
		{02377ADB-F40D-4AD0-B8A8-95810CB55047}.MobileDev|Any CPU.ActiveCfg = Release|Any CPU
		{02377ADB-F40D-4AD0-B8A8-95810CB55047}.MobileDev|Any CPU.Build.0 = Release|Any CPU
		{02377ADB-F40D-4AD0-B8A8-95810CB55047}.MobileDev|Mixed Platforms.ActiveCfg = Release|Any CPU
		{02377ADB-F40D-4AD0-B8A8-95810CB55047}.MobileDev|Mixed Platforms.Build.0 = Release|Any CPU
		{02377ADB-F40D-4AD0-B8A8-95810CB55047}.MobileDev|x86.ActiveCfg = Release|Any CPU
		{02377ADB-F40D-4AD0-B8A8-95810CB55047}.Release|Any CPU.ActiveCfg = Release|Any CPU
		{02377ADB-F40D-4AD0-B8A8-95810CB55047}.Release|Any CPU.Build.0 = Release|Any CPU
		{02377ADB-F40D-4AD0-B8A8-95810CB55047}.Release|Mixed Platforms.ActiveCfg = Release|Any CPU
		{02377ADB-F40D-4AD0-B8A8-95810CB55047}.Release|Mixed Platforms.Build.0 = Release|Any CPU
		{02377ADB-F40D-4AD0-B8A8-95810CB55047}.Release|x86.ActiveCfg = Release|Any CPU
		{F1FB051C-DFBD-4017-A248-9BE61D26EA70}.Debug|Any CPU.ActiveCfg = Debug|Any CPU
		{F1FB051C-DFBD-4017-A248-9BE61D26EA70}.Debug|Any CPU.Build.0 = Debug|Any CPU
		{F1FB051C-DFBD-4017-A248-9BE61D26EA70}.Debug|Mixed Platforms.ActiveCfg = Debug|Any CPU
		{F1FB051C-DFBD-4017-A248-9BE61D26EA70}.Debug|Mixed Platforms.Build.0 = Debug|Any CPU
		{F1FB051C-DFBD-4017-A248-9BE61D26EA70}.Debug|x86.ActiveCfg = Debug|Any CPU
		{F1FB051C-DFBD-4017-A248-9BE61D26EA70}.Default|Any CPU.ActiveCfg = Default|Any CPU
		{F1FB051C-DFBD-4017-A248-9BE61D26EA70}.Default|Any CPU.Build.0 = Default|Any CPU
		{F1FB051C-DFBD-4017-A248-9BE61D26EA70}.Default|Mixed Platforms.ActiveCfg = Default|Any CPU
		{F1FB051C-DFBD-4017-A248-9BE61D26EA70}.Default|Mixed Platforms.Build.0 = Default|Any CPU
		{F1FB051C-DFBD-4017-A248-9BE61D26EA70}.Default|x86.ActiveCfg = Default|Any CPU
		{F1FB051C-DFBD-4017-A248-9BE61D26EA70}.Demo|Any CPU.ActiveCfg = Default|Any CPU
		{F1FB051C-DFBD-4017-A248-9BE61D26EA70}.Demo|Any CPU.Build.0 = Default|Any CPU
		{F1FB051C-DFBD-4017-A248-9BE61D26EA70}.Demo|Mixed Platforms.ActiveCfg = Default|Any CPU
		{F1FB051C-DFBD-4017-A248-9BE61D26EA70}.Demo|Mixed Platforms.Build.0 = Default|Any CPU
		{F1FB051C-DFBD-4017-A248-9BE61D26EA70}.Demo|x86.ActiveCfg = Default|Any CPU
		{F1FB051C-DFBD-4017-A248-9BE61D26EA70}.MobileDev|Any CPU.ActiveCfg = Default|Any CPU
		{F1FB051C-DFBD-4017-A248-9BE61D26EA70}.MobileDev|Any CPU.Build.0 = Default|Any CPU
		{F1FB051C-DFBD-4017-A248-9BE61D26EA70}.MobileDev|Mixed Platforms.ActiveCfg = Default|Any CPU
		{F1FB051C-DFBD-4017-A248-9BE61D26EA70}.MobileDev|Mixed Platforms.Build.0 = Default|Any CPU
		{F1FB051C-DFBD-4017-A248-9BE61D26EA70}.MobileDev|x86.ActiveCfg = Default|Any CPU
		{F1FB051C-DFBD-4017-A248-9BE61D26EA70}.Release|Any CPU.ActiveCfg = Release|Any CPU
		{F1FB051C-DFBD-4017-A248-9BE61D26EA70}.Release|Any CPU.Build.0 = Release|Any CPU
		{F1FB051C-DFBD-4017-A248-9BE61D26EA70}.Release|Mixed Platforms.ActiveCfg = Release|Any CPU
		{F1FB051C-DFBD-4017-A248-9BE61D26EA70}.Release|Mixed Platforms.Build.0 = Release|Any CPU
		{F1FB051C-DFBD-4017-A248-9BE61D26EA70}.Release|x86.ActiveCfg = Release|Any CPU
		{130ACD72-B533-45A4-AF3D-1CB69C53ACEF}.Debug|Any CPU.ActiveCfg = Debug|Any CPU
		{130ACD72-B533-45A4-AF3D-1CB69C53ACEF}.Debug|Any CPU.Build.0 = Debug|Any CPU
		{130ACD72-B533-45A4-AF3D-1CB69C53ACEF}.Debug|Mixed Platforms.ActiveCfg = Debug|Any CPU
		{130ACD72-B533-45A4-AF3D-1CB69C53ACEF}.Debug|Mixed Platforms.Build.0 = Debug|Any CPU
		{130ACD72-B533-45A4-AF3D-1CB69C53ACEF}.Debug|x86.ActiveCfg = Debug|Any CPU
		{130ACD72-B533-45A4-AF3D-1CB69C53ACEF}.Default|Any CPU.ActiveCfg = Debug|Any CPU
		{130ACD72-B533-45A4-AF3D-1CB69C53ACEF}.Default|Any CPU.Build.0 = Debug|Any CPU
		{130ACD72-B533-45A4-AF3D-1CB69C53ACEF}.Default|Mixed Platforms.ActiveCfg = Debug|Any CPU
		{130ACD72-B533-45A4-AF3D-1CB69C53ACEF}.Default|Mixed Platforms.Build.0 = Debug|Any CPU
		{130ACD72-B533-45A4-AF3D-1CB69C53ACEF}.Default|x86.ActiveCfg = Debug|Any CPU
		{130ACD72-B533-45A4-AF3D-1CB69C53ACEF}.Demo|Any CPU.ActiveCfg = Debug|Any CPU
		{130ACD72-B533-45A4-AF3D-1CB69C53ACEF}.Demo|Any CPU.Build.0 = Debug|Any CPU
		{130ACD72-B533-45A4-AF3D-1CB69C53ACEF}.Demo|Mixed Platforms.ActiveCfg = Debug|Any CPU
		{130ACD72-B533-45A4-AF3D-1CB69C53ACEF}.Demo|Mixed Platforms.Build.0 = Debug|Any CPU
		{130ACD72-B533-45A4-AF3D-1CB69C53ACEF}.Demo|x86.ActiveCfg = Debug|Any CPU
		{130ACD72-B533-45A4-AF3D-1CB69C53ACEF}.MobileDev|Any CPU.ActiveCfg = Release|Any CPU
		{130ACD72-B533-45A4-AF3D-1CB69C53ACEF}.MobileDev|Any CPU.Build.0 = Release|Any CPU
		{130ACD72-B533-45A4-AF3D-1CB69C53ACEF}.MobileDev|Mixed Platforms.ActiveCfg = Release|Any CPU
		{130ACD72-B533-45A4-AF3D-1CB69C53ACEF}.MobileDev|Mixed Platforms.Build.0 = Release|Any CPU
		{130ACD72-B533-45A4-AF3D-1CB69C53ACEF}.MobileDev|x86.ActiveCfg = Release|Any CPU
		{130ACD72-B533-45A4-AF3D-1CB69C53ACEF}.Release|Any CPU.ActiveCfg = Release|Any CPU
		{130ACD72-B533-45A4-AF3D-1CB69C53ACEF}.Release|Any CPU.Build.0 = Release|Any CPU
		{130ACD72-B533-45A4-AF3D-1CB69C53ACEF}.Release|Mixed Platforms.ActiveCfg = Release|Any CPU
		{130ACD72-B533-45A4-AF3D-1CB69C53ACEF}.Release|Mixed Platforms.Build.0 = Release|Any CPU
		{130ACD72-B533-45A4-AF3D-1CB69C53ACEF}.Release|x86.ActiveCfg = Release|Any CPU
		{4DDB5151-FE9D-4041-BA46-63486D7DA32D}.Debug|Any CPU.ActiveCfg = Debug|Any CPU
		{4DDB5151-FE9D-4041-BA46-63486D7DA32D}.Debug|Any CPU.Build.0 = Debug|Any CPU
		{4DDB5151-FE9D-4041-BA46-63486D7DA32D}.Debug|Mixed Platforms.ActiveCfg = Debug|Any CPU
		{4DDB5151-FE9D-4041-BA46-63486D7DA32D}.Debug|Mixed Platforms.Build.0 = Debug|Any CPU
		{4DDB5151-FE9D-4041-BA46-63486D7DA32D}.Debug|x86.ActiveCfg = Debug|Any CPU
		{4DDB5151-FE9D-4041-BA46-63486D7DA32D}.Default|Any CPU.ActiveCfg = Debug|Any CPU
		{4DDB5151-FE9D-4041-BA46-63486D7DA32D}.Default|Any CPU.Build.0 = Debug|Any CPU
		{4DDB5151-FE9D-4041-BA46-63486D7DA32D}.Default|Mixed Platforms.ActiveCfg = Debug|Any CPU
		{4DDB5151-FE9D-4041-BA46-63486D7DA32D}.Default|Mixed Platforms.Build.0 = Debug|Any CPU
		{4DDB5151-FE9D-4041-BA46-63486D7DA32D}.Default|x86.ActiveCfg = Debug|Any CPU
		{4DDB5151-FE9D-4041-BA46-63486D7DA32D}.Demo|Any CPU.ActiveCfg = Debug|Any CPU
		{4DDB5151-FE9D-4041-BA46-63486D7DA32D}.Demo|Any CPU.Build.0 = Debug|Any CPU
		{4DDB5151-FE9D-4041-BA46-63486D7DA32D}.Demo|Mixed Platforms.ActiveCfg = Debug|Any CPU
		{4DDB5151-FE9D-4041-BA46-63486D7DA32D}.Demo|Mixed Platforms.Build.0 = Debug|Any CPU
		{4DDB5151-FE9D-4041-BA46-63486D7DA32D}.Demo|x86.ActiveCfg = Debug|Any CPU
		{4DDB5151-FE9D-4041-BA46-63486D7DA32D}.MobileDev|Any CPU.ActiveCfg = Release|Any CPU
		{4DDB5151-FE9D-4041-BA46-63486D7DA32D}.MobileDev|Any CPU.Build.0 = Release|Any CPU
		{4DDB5151-FE9D-4041-BA46-63486D7DA32D}.MobileDev|Mixed Platforms.ActiveCfg = Release|Any CPU
		{4DDB5151-FE9D-4041-BA46-63486D7DA32D}.MobileDev|Mixed Platforms.Build.0 = Release|Any CPU
		{4DDB5151-FE9D-4041-BA46-63486D7DA32D}.MobileDev|x86.ActiveCfg = Release|Any CPU
		{4DDB5151-FE9D-4041-BA46-63486D7DA32D}.Release|Any CPU.ActiveCfg = Release|Any CPU
		{4DDB5151-FE9D-4041-BA46-63486D7DA32D}.Release|Any CPU.Build.0 = Release|Any CPU
		{4DDB5151-FE9D-4041-BA46-63486D7DA32D}.Release|Mixed Platforms.ActiveCfg = Release|Any CPU
		{4DDB5151-FE9D-4041-BA46-63486D7DA32D}.Release|Mixed Platforms.Build.0 = Release|Any CPU
		{4DDB5151-FE9D-4041-BA46-63486D7DA32D}.Release|x86.ActiveCfg = Release|Any CPU
		{B696E03C-AF7F-46B6-B66D-D1F8E3655425}.Debug|Any CPU.ActiveCfg = Debug|Any CPU
		{B696E03C-AF7F-46B6-B66D-D1F8E3655425}.Debug|Any CPU.Build.0 = Debug|Any CPU
		{B696E03C-AF7F-46B6-B66D-D1F8E3655425}.Debug|Mixed Platforms.ActiveCfg = Debug|Any CPU
		{B696E03C-AF7F-46B6-B66D-D1F8E3655425}.Debug|Mixed Platforms.Build.0 = Debug|Any CPU
		{B696E03C-AF7F-46B6-B66D-D1F8E3655425}.Debug|x86.ActiveCfg = Debug|Any CPU
		{B696E03C-AF7F-46B6-B66D-D1F8E3655425}.Default|Any CPU.ActiveCfg = Debug|Any CPU
		{B696E03C-AF7F-46B6-B66D-D1F8E3655425}.Default|Any CPU.Build.0 = Debug|Any CPU
		{B696E03C-AF7F-46B6-B66D-D1F8E3655425}.Default|Mixed Platforms.ActiveCfg = Debug|Any CPU
		{B696E03C-AF7F-46B6-B66D-D1F8E3655425}.Default|Mixed Platforms.Build.0 = Debug|Any CPU
		{B696E03C-AF7F-46B6-B66D-D1F8E3655425}.Default|x86.ActiveCfg = Debug|Any CPU
		{B696E03C-AF7F-46B6-B66D-D1F8E3655425}.Demo|Any CPU.ActiveCfg = Debug|Any CPU
		{B696E03C-AF7F-46B6-B66D-D1F8E3655425}.Demo|Any CPU.Build.0 = Debug|Any CPU
		{B696E03C-AF7F-46B6-B66D-D1F8E3655425}.Demo|Mixed Platforms.ActiveCfg = Debug|Any CPU
		{B696E03C-AF7F-46B6-B66D-D1F8E3655425}.Demo|Mixed Platforms.Build.0 = Debug|Any CPU
		{B696E03C-AF7F-46B6-B66D-D1F8E3655425}.Demo|x86.ActiveCfg = Debug|Any CPU
		{B696E03C-AF7F-46B6-B66D-D1F8E3655425}.MobileDev|Any CPU.ActiveCfg = Release|Any CPU
		{B696E03C-AF7F-46B6-B66D-D1F8E3655425}.MobileDev|Any CPU.Build.0 = Release|Any CPU
		{B696E03C-AF7F-46B6-B66D-D1F8E3655425}.MobileDev|Mixed Platforms.ActiveCfg = Release|Any CPU
		{B696E03C-AF7F-46B6-B66D-D1F8E3655425}.MobileDev|Mixed Platforms.Build.0 = Release|Any CPU
		{B696E03C-AF7F-46B6-B66D-D1F8E3655425}.MobileDev|x86.ActiveCfg = Release|Any CPU
		{B696E03C-AF7F-46B6-B66D-D1F8E3655425}.Release|Any CPU.ActiveCfg = Release|Any CPU
		{B696E03C-AF7F-46B6-B66D-D1F8E3655425}.Release|Any CPU.Build.0 = Release|Any CPU
		{B696E03C-AF7F-46B6-B66D-D1F8E3655425}.Release|Mixed Platforms.ActiveCfg = Release|Any CPU
		{B696E03C-AF7F-46B6-B66D-D1F8E3655425}.Release|Mixed Platforms.Build.0 = Release|Any CPU
		{B696E03C-AF7F-46B6-B66D-D1F8E3655425}.Release|x86.ActiveCfg = Release|Any CPU
		{91086100-C634-450F-A560-4B5EFCBBF8E6}.Debug|Any CPU.ActiveCfg = Debug|x86
		{91086100-C634-450F-A560-4B5EFCBBF8E6}.Debug|Mixed Platforms.ActiveCfg = Debug|x86
		{91086100-C634-450F-A560-4B5EFCBBF8E6}.Debug|Mixed Platforms.Build.0 = Debug|x86
		{91086100-C634-450F-A560-4B5EFCBBF8E6}.Debug|x86.ActiveCfg = Debug|x86
		{91086100-C634-450F-A560-4B5EFCBBF8E6}.Debug|x86.Build.0 = Debug|x86
		{91086100-C634-450F-A560-4B5EFCBBF8E6}.Default|Any CPU.ActiveCfg = Debug|x86
		{91086100-C634-450F-A560-4B5EFCBBF8E6}.Default|Mixed Platforms.ActiveCfg = Debug|x86
		{91086100-C634-450F-A560-4B5EFCBBF8E6}.Default|Mixed Platforms.Build.0 = Debug|x86
		{91086100-C634-450F-A560-4B5EFCBBF8E6}.Default|x86.ActiveCfg = Debug|x86
		{91086100-C634-450F-A560-4B5EFCBBF8E6}.Default|x86.Build.0 = Debug|x86
		{91086100-C634-450F-A560-4B5EFCBBF8E6}.Demo|Any CPU.ActiveCfg = Debug|x86
		{91086100-C634-450F-A560-4B5EFCBBF8E6}.Demo|Mixed Platforms.ActiveCfg = Debug|x86
		{91086100-C634-450F-A560-4B5EFCBBF8E6}.Demo|Mixed Platforms.Build.0 = Debug|x86
		{91086100-C634-450F-A560-4B5EFCBBF8E6}.Demo|x86.ActiveCfg = Debug|x86
		{91086100-C634-450F-A560-4B5EFCBBF8E6}.Demo|x86.Build.0 = Debug|x86
		{91086100-C634-450F-A560-4B5EFCBBF8E6}.MobileDev|Any CPU.ActiveCfg = Release|x86
		{91086100-C634-450F-A560-4B5EFCBBF8E6}.MobileDev|Mixed Platforms.ActiveCfg = Release|x86
		{91086100-C634-450F-A560-4B5EFCBBF8E6}.MobileDev|Mixed Platforms.Build.0 = Release|x86
		{91086100-C634-450F-A560-4B5EFCBBF8E6}.MobileDev|x86.ActiveCfg = Release|x86
		{91086100-C634-450F-A560-4B5EFCBBF8E6}.MobileDev|x86.Build.0 = Release|x86
		{91086100-C634-450F-A560-4B5EFCBBF8E6}.Release|Any CPU.ActiveCfg = Release|x86
		{91086100-C634-450F-A560-4B5EFCBBF8E6}.Release|Mixed Platforms.ActiveCfg = Release|x86
		{91086100-C634-450F-A560-4B5EFCBBF8E6}.Release|Mixed Platforms.Build.0 = Release|x86
		{91086100-C634-450F-A560-4B5EFCBBF8E6}.Release|x86.ActiveCfg = Release|x86
		{91086100-C634-450F-A560-4B5EFCBBF8E6}.Release|x86.Build.0 = Release|x86
		{12822A05-394F-42BE-8D77-BCAE438E808E}.Debug|Any CPU.ActiveCfg = Debug|x86
		{12822A05-394F-42BE-8D77-BCAE438E808E}.Debug|Mixed Platforms.ActiveCfg = Debug|x86
		{12822A05-394F-42BE-8D77-BCAE438E808E}.Debug|Mixed Platforms.Build.0 = Debug|x86
		{12822A05-394F-42BE-8D77-BCAE438E808E}.Debug|x86.ActiveCfg = Debug|x86
		{12822A05-394F-42BE-8D77-BCAE438E808E}.Debug|x86.Build.0 = Debug|x86
		{12822A05-394F-42BE-8D77-BCAE438E808E}.Default|Any CPU.ActiveCfg = Debug|x86
		{12822A05-394F-42BE-8D77-BCAE438E808E}.Default|Mixed Platforms.ActiveCfg = Debug|x86
		{12822A05-394F-42BE-8D77-BCAE438E808E}.Default|Mixed Platforms.Build.0 = Debug|x86
		{12822A05-394F-42BE-8D77-BCAE438E808E}.Default|x86.ActiveCfg = Debug|x86
		{12822A05-394F-42BE-8D77-BCAE438E808E}.Default|x86.Build.0 = Debug|x86
		{12822A05-394F-42BE-8D77-BCAE438E808E}.Demo|Any CPU.ActiveCfg = Debug|x86
		{12822A05-394F-42BE-8D77-BCAE438E808E}.Demo|Mixed Platforms.ActiveCfg = Debug|x86
		{12822A05-394F-42BE-8D77-BCAE438E808E}.Demo|Mixed Platforms.Build.0 = Debug|x86
		{12822A05-394F-42BE-8D77-BCAE438E808E}.Demo|x86.ActiveCfg = Debug|x86
		{12822A05-394F-42BE-8D77-BCAE438E808E}.Demo|x86.Build.0 = Debug|x86
		{12822A05-394F-42BE-8D77-BCAE438E808E}.MobileDev|Any CPU.ActiveCfg = Release|x86
		{12822A05-394F-42BE-8D77-BCAE438E808E}.MobileDev|Mixed Platforms.ActiveCfg = Release|x86
		{12822A05-394F-42BE-8D77-BCAE438E808E}.MobileDev|Mixed Platforms.Build.0 = Release|x86
		{12822A05-394F-42BE-8D77-BCAE438E808E}.MobileDev|x86.ActiveCfg = Release|x86
		{12822A05-394F-42BE-8D77-BCAE438E808E}.MobileDev|x86.Build.0 = Release|x86
		{12822A05-394F-42BE-8D77-BCAE438E808E}.Release|Any CPU.ActiveCfg = Release|x86
		{12822A05-394F-42BE-8D77-BCAE438E808E}.Release|Mixed Platforms.ActiveCfg = Release|x86
		{12822A05-394F-42BE-8D77-BCAE438E808E}.Release|Mixed Platforms.Build.0 = Release|x86
		{12822A05-394F-42BE-8D77-BCAE438E808E}.Release|x86.ActiveCfg = Release|x86
		{12822A05-394F-42BE-8D77-BCAE438E808E}.Release|x86.Build.0 = Release|x86
	EndGlobalSection
	GlobalSection(SolutionProperties) = preSolution
		HideSolutionNode = FALSE
	EndGlobalSection
	GlobalSection(NestedProjects) = preSolution
		{6AFEF057-8D02-4F3C-AC41-6815E9CFD15A} = {9589D070-E5C0-415E-B2D6-2AC6A25E7832}
		{F271963F-10B1-4495-B047-BD5A977ED187} = {9589D070-E5C0-415E-B2D6-2AC6A25E7832}
		{02377ADB-F40D-4AD0-B8A8-95810CB55047} = {9589D070-E5C0-415E-B2D6-2AC6A25E7832}
		{4DDB5151-FE9D-4041-BA46-63486D7DA32D} = {9589D070-E5C0-415E-B2D6-2AC6A25E7832}
		{B696E03C-AF7F-46B6-B66D-D1F8E3655425} = {9589D070-E5C0-415E-B2D6-2AC6A25E7832}
		{46FB3942-D0A5-4BFF-97B0-739E56BFB111} = {9589D070-E5C0-415E-B2D6-2AC6A25E7832}
		{E937EE2D-064B-4EDA-9E81-7E7F509A784A} = {9589D070-E5C0-415E-B2D6-2AC6A25E7832}
		{0A204D3D-73E9-4C85-A601-D91282B4CA16} = {0CE13F71-3913-4C34-863E-FF1A7788C177}
		{47F8BAD7-332C-4463-8AA1-5BC7F9B3A663} = {0CE13F71-3913-4C34-863E-FF1A7788C177}
		{FFBAFDB9-201D-42BB-8BA4-A5F6180F0333} = {0CE13F71-3913-4C34-863E-FF1A7788C177}
		{91086100-C634-450F-A560-4B5EFCBBF8E6} = {0CE13F71-3913-4C34-863E-FF1A7788C177}
		{12822A05-394F-42BE-8D77-BCAE438E808E} = {0CE13F71-3913-4C34-863E-FF1A7788C177}
	EndGlobalSection
	GlobalSection(SubversionScc) = preSolution
		Svn-Managed = True
		Manager = AnkhSVN - Subversion Support for Visual Studio
	EndGlobalSection
EndGlobal
