
Microsoft Visual Studio Solution File, Format Version 10.00
# Visual Studio 2008
Project("{2150E333-8FDC-42A3-9474-1A3956D46DE8}") = "Libraries", "Libraries", "{9589D070-E5C0-415E-B2D6-2AC6A25E7832}"
EndProject
Project("{2150E333-8FDC-42A3-9474-1A3956D46DE8}") = "Applications", "Applications", "{3B620E60-2B54-48B4-B0D3-8C0A8DD7E503}"
EndProject
Project("{2150E333-8FDC-42A3-9474-1A3956D46DE8}") = "Modules", "Modules", "{AC5E737F-B409-4F3C-A5DA-9B8C5DEB47EB}"
EndProject
Project("{2150E333-8FDC-42A3-9474-1A3956D46DE8}") = "Unit Tests", "Unit Tests", "{45FF71E8-CA94-4ED4-8058-D29BB2DE052D}"
EndProject
Project("{2150E333-8FDC-42A3-9474-1A3956D46DE8}") = "Utilities", "Utilities", "{0CE13F71-3913-4C34-863E-FF1A7788C177}"
EndProject
Project("{FAE04EC0-301F-11D3-BF4B-00C04F79EFBC}") = "UtilityLibrary.Desktop", "Libraries\UtilityLibrary\Desktop\UtilityLibrary.Desktop.csproj", "{E937EE2D-064B-4EDA-9E81-7E7F509A784A}"
EndProject
Project("{FAE04EC0-301F-11D3-BF4B-00C04F79EFBC}") = "EncryptCredentials", "Utilities\EncryptCredentials\EncryptCredentials.csproj", "{47F8BAD7-332C-4463-8AA1-5BC7F9B3A663}"
EndProject
Project("{FAE04EC0-301F-11D3-BF4B-00C04F79EFBC}") = "MappingEditor.Silverlight", "MappingEditor\MappingEditor\Silverlight\MappingEditor.Silverlight.csproj", "{472F51C6-9A40-44F4-93AA-4BFD944BB9A9}"
EndProject
Project("{FAE04EC0-301F-11D3-BF4B-00C04F79EFBC}") = "MappingEditor.Web", "MappingEditor\MappingEditor.Web\MappingEditor.Web.csproj", "{DFDBE65D-88A8-4263-9DA0-D6AC589CAD28}"
EndProject
Project("{FAE04EC0-301F-11D3-BF4B-00C04F79EFBC}") = "RefDataEditor.Silverlight", "RefDataEditor\RefDataEditor\RefDataEditor.Silverlight.csproj", "{686665D8-02BC-40CC-A779-B1CD1B20AE72}"
EndProject
Project("{2150E333-8FDC-42A3-9474-1A3956D46DE8}") = "PrismContrib", "PrismContrib", "{DA11E3FB-A565-4343-BBC8-25AC440C9408}"
EndProject
Project("{2150E333-8FDC-42A3-9474-1A3956D46DE8}") = "ModuleLibrary", "ModuleLibrary", "{4CFD01B5-3424-4657-AB9A-C5E61AD132C9}"
EndProject
Project("{FAE04EC0-301F-11D3-BF4B-00C04F79EFBC}") = "ModuleLibrary.Desktop", "Libraries\ModuleLibrary\Desktop\ModuleLibrary.Desktop.csproj", "{E039B478-7BBE-4268-AE59-D920F419381E}"
EndProject
Project("{FAE04EC0-301F-11D3-BF4B-00C04F79EFBC}") = "ModuleLibrary.Silverlight", "Libraries\ModuleLibrary\Silverlight\ModuleLibrary.Silverlight.csproj", "{EDF3DE51-8D39-4E53-9154-A18DDA989DA9}"
EndProject
Project("{FAE04EC0-301F-11D3-BF4B-00C04F79EFBC}") = "PrismContrib.Desktop", "Libraries\PrismContrib\Desktop\PrismContrib.Desktop.csproj", "{1A611244-54BE-4F12-AA34-12F54A2B07E6}"
EndProject
Project("{FAE04EC0-301F-11D3-BF4B-00C04F79EFBC}") = "PrismContrib.Silverlight", "Libraries\PrismContrib\Silverlight\PrismContrib.Silverlight.csproj", "{04C08B97-3D9E-4BB4-B0EC-6AE035105BF8}"
EndProject
Project("{FAE04EC0-301F-11D3-BF4B-00C04F79EFBC}") = "UtilityLibrary.Silverlight", "Libraries\UtilityLibrary\Silverlight\UtilityLibrary.Silverlight.csproj", "{EA853599-4781-4BD2-8EC7-61E893520A23}"
EndProject
Project("{2150E333-8FDC-42A3-9474-1A3956D46DE8}") = "UtilityLibrary", "UtilityLibrary", "{DBE0B254-4C58-46C4-A3DE-140364B4623B}"
EndProject
Project("{FAE04EC0-301F-11D3-BF4B-00C04F79EFBC}") = "AdapterService", "Adapter\AdapterService\AdapterService.csproj", "{6865624F-EEC7-4F4F-B7FF-4483F8D0B22D}"
EndProject
Project("{FAE04EC0-301F-11D3-BF4B-00C04F79EFBC}") = "ReferenceDataService", "ReferenceData\ReferenceDataService\ReferenceDataService.csproj", "{9C43C2EB-DB4A-4BA0-B14F-24D0EA60D954}"
EndProject
Project("{FAE04EC0-301F-11D3-BF4B-00C04F79EFBC}") = "MappingEditor.Silverlight", "Modules\Mapping\Silverlight\MappingEditor.Silverlight.csproj", "{ABD639A6-E306-4C15-BB2E-CDA458AA7761}"
EndProject
Project("{FAE04EC0-301F-11D3-BF4B-00C04F79EFBC}") = "Spinner.Silverlight", "Modules\Spinner\Silverlight\Spinner.Silverlight.csproj", "{E257A89A-0F74-4DC9-94FB-8AE38D5C46FB}"
EndProject
Project("{FAE04EC0-301F-11D3-BF4B-00C04F79EFBC}") = "Modelling.Silverlight", "Modules\RDSWIPModelling\Modelling.Silverlight.csproj", "{C5891409-8F76-4B5E-8EB9-C35B89796131}"
EndProject
Project("{FAE04EC0-301F-11D3-BF4B-00C04F79EFBC}") = "Details.Silverlight", "Modules\Details\Silverlight\Details.Silverlight.csproj", "{E27058A1-26FF-49A7-AF8B-408B9F18ED16}"
EndProject
Project("{FAE04EC0-301F-11D3-BF4B-00C04F79EFBC}") = "Menu.Silverlight", "Modules\Menu\Silverlight\Menu.Silverlight.csproj", "{021999F9-1E99-401B-9C7C-21C331434F02}"
EndProject
Project("{FAE04EC0-301F-11D3-BF4B-00C04F79EFBC}") = "Search.Silverlight", "Modules\Search\Silverlight\Search.Silverlight.csproj", "{75EF777B-DBF0-4B7C-ACCC-40F6264A4C5A}"
EndProject
Project("{FAE04EC0-301F-11D3-BF4B-00C04F79EFBC}") = "Status.Silverlight", "Modules\Status\Silverlight\Status.Silverlight.csproj", "{713819B0-F4EB-497C-AF98-C2BA616B01B4}"
EndProject
Project("{FAE04EC0-301F-11D3-BF4B-00C04F79EFBC}") = "Popup.Silverlight", "Modules\Popup\Silverlight\Popup.Silverlight.csproj", "{D739BBC0-4F1C-40CB-97C8-7AF571688B7C}"
EndProject
Project("{FAE04EC0-301F-11D3-BF4B-00C04F79EFBC}") = "RefDataEditor.Web", "RefDataEditor\RefDataEditor.web\RefDataEditor.Web.csproj", "{CC76D04B-D9AC-46F8-9A1F-6BFDF0B962C9}"
EndProject
Project("{FAE04EC0-301F-11D3-BF4B-00C04F79EFBC}") = "ContextMenu.Silverlight", "Modules\ContextMenu\Silverlight\ContextMenu.Silverlight.csproj", "{AF76DFF8-2267-4370-83D3-FE254B774C3D}"
EndProject
Project("{2150E333-8FDC-42A3-9474-1A3956D46DE8}") = "Solution Items", "Solution Items", "{8DC0E577-3416-41FD-80BA-11DDE04C1BAE}"
	ProjectSection(SolutionItems) = preProject
		AdapterService.testrunconfig = AdapterService.testrunconfig
		iring-tools.vsmdi = iring-tools.vsmdi
	EndProjectSection
EndProject
Project("{FAE04EC0-301F-11D3-BF4B-00C04F79EFBC}") = "QMXFGenerator", "Utilities\QMXFGenerator\QMXFGenerator\QMXFGenerator.csproj", "{F77C735A-2334-4471-A4F2-41BDAC8A8492}"
EndProject
Project("{FAE04EC0-301F-11D3-BF4B-00C04F79EFBC}") = "MappingEditor.Desktop", "Modules\Mapping\Desktop\MappingEditor.Desktop.csproj", "{0743A167-5C43-4D24-AF1B-E659CC7A380F}"
EndProject
Project("{FAE04EC0-301F-11D3-BF4B-00C04F79EFBC}") = "Details.Desktop", "Modules\Details\Desktop\Details.Desktop.csproj", "{FC70F826-2BAF-499E-809A-EE540EF9F386}"
EndProject
Project("{FAE04EC0-301F-11D3-BF4B-00C04F79EFBC}") = "Search.Desktop", "Modules\Search\Desktop\Search.Desktop.csproj", "{871801AE-77A3-4330-BA3F-6D065F49DE37}"
EndProject
Project("{FAE04EC0-301F-11D3-BF4B-00C04F79EFBC}") = "Status.Desktop", "Modules\Status\Desktop\Status.Desktop.csproj", "{CA67D2A8-6E80-44B4-A331-78577278BA9E}"
EndProject
Project("{2150E333-8FDC-42A3-9474-1A3956D46DE8}") = "Desktop", "Desktop", "{22BB82CE-D79E-4305-9B80-F676CB926748}"
EndProject
Project("{2150E333-8FDC-42A3-9474-1A3956D46DE8}") = "Silverlight", "Silverlight", "{E4523368-1DC2-4CEC-8F7D-2F00F8B98B61}"
EndProject
Project("{FAE04EC0-301F-11D3-BF4B-00C04F79EFBC}") = "AdapterService.Tests", "Adapter\AdapterService.Tests\AdapterService.Tests.csproj", "{C0120CB3-63EB-4DB1-9D21-1F68FF99DDAE}"
EndProject
Project("{FAE04EC0-301F-11D3-BF4B-00C04F79EFBC}") = "ReferenceDataService.Tests", "ReferenceData\ReferenceDataService.Tests\ReferenceDataService.Tests.csproj", "{B93589B3-9BFD-4030-8FAA-D7E21524EF0B}"
EndProject
Project("{FAE04EC0-301F-11D3-BF4B-00C04F79EFBC}") = "Details.Tests", "Modules\Details\Details.Tests\Details.Tests.csproj", "{6EBBBEC6-4829-4F55-A309-E0F7F88B33CB}"
EndProject
Project("{FAE04EC0-301F-11D3-BF4B-00C04F79EFBC}") = "MappingEditor.Tests", "Modules\Mapping\MappingEditor.Tests\MappingEditor.Tests.csproj", "{6F50A0A9-EE08-4B81-882E-C9E0854CB9C9}"
EndProject
Project("{FAE04EC0-301F-11D3-BF4B-00C04F79EFBC}") = "Search.Tests", "Modules\Search\Search.Tests\Search.Tests.csproj", "{C5D3ABE7-23FA-49E7-95C4-E61D90434E86}"
EndProject
Project("{FAE04EC0-301F-11D3-BF4B-00C04F79EFBC}") = "Status.Tests", "Modules\Status\Status.Tests\Status.Tests.csproj", "{03342218-843B-4576-B5FA-9F37C297DA60}"
EndProject
Project("{FAE04EC0-301F-11D3-BF4B-00C04F79EFBC}") = "TemplateEditor.Silverlight", "Modules\TemplateEditor\Silverlight\TemplateEditor.Silverlight.csproj", "{B5B94B38-4901-4D3F-859E-E157623501D9}"
EndProject
Project("{2150E333-8FDC-42A3-9474-1A3956D46DE8}") = "QMXFTransforms", "QMXFTransforms", "{0A204D3D-73E9-4C85-A601-D91282B4CA16}"
	ProjectSection(SolutionItems) = preProject
		Utilities\QMXFTransforms\entities.dtd = Utilities\QMXFTransforms\entities.dtd
		Utilities\QMXFTransforms\QMXF.xml = Utilities\QMXFTransforms\QMXF.xml
		Utilities\QMXFTransforms\qmxf2qxf.xsl = Utilities\QMXFTransforms\qmxf2qxf.xsl
		Utilities\QMXFTransforms\QXF.xml = Utilities\QMXFTransforms\QXF.xml
		Utilities\QMXFTransforms\qxf.xsd = Utilities\QMXFTransforms\qxf.xsd
		Utilities\QMXFTransforms\qxf2rdf.xsl = Utilities\QMXFTransforms\qxf2rdf.xsl
		Utilities\QMXFTransforms\RDF.xml = Utilities\QMXFTransforms\RDF.xml
		Utilities\QMXFTransforms\schema.dtd = Utilities\QMXFTransforms\schema.dtd
	EndProjectSection
EndProject
Project("{FAE04EC0-301F-11D3-BF4B-00C04F79EFBC}") = "AdapterClient", "Utilities\AdapterClient\AdapterClient.csproj", "{170080C7-08E4-4870-A2A4-C71F7CAE9ABD}"
EndProject
Project("{2150E333-8FDC-42A3-9474-1A3956D46DE8}") = "iRINGLibrary", "iRINGLibrary", "{270F5203-FE58-480F-AF4B-C38D4461FEEC}"
EndProject
Project("{FAE04EC0-301F-11D3-BF4B-00C04F79EFBC}") = "iRINGLibrary.Desktop", "Libraries\iRINGLibrary\Desktop\iRINGLibrary.Desktop.csproj", "{46FB3942-D0A5-4BFF-97B0-739E56BFB111}"
EndProject
Project("{FAE04EC0-301F-11D3-BF4B-00C04F79EFBC}") = "iRINGLibrary.Silverlight", "Libraries\iRINGLibrary\Silverlight\iRINGLibrary.Silverlight.csproj", "{748B993D-4F65-4A39-B865-6A7D5412C4BA}"
EndProject
Project("{FAE04EC0-301F-11D3-BF4B-00C04F79EFBC}") = "NInjectContrib", "Libraries\NInjectContrib\NInjectContrib.csproj", "{DC7F8819-3368-4B76-A7E7-C4433176EC58}"
EndProject
Project("{2150E333-8FDC-42A3-9474-1A3956D46DE8}") = "Adapter", "Adapter", "{4DBA978E-FCE5-4FF2-A22D-E4506C4E6DEA}"
EndProject
Project("{FAE04EC0-301F-11D3-BF4B-00C04F79EFBC}") = "AdapterLibrary", "Adapter\AdapterLibrary\AdapterLibrary.csproj", "{6AFEF057-8D02-4F3C-AC41-6815E9CFD15A}"
EndProject
Project("{FAE04EC0-301F-11D3-BF4B-00C04F79EFBC}") = "NHibernateDataLayer", "Adapter\NHibernateDataLayer\NHibernateDataLayer.csproj", "{A9DAEA2D-26AC-4FFE-A4B0-3DEF95DE4168}"
EndProject
Global
	GlobalSection(TestCaseManagementSettings) = postSolution
		CategoryFile = iring-tools.vsmdi
	EndGlobalSection
	GlobalSection(SolutionConfigurationPlatforms) = preSolution
		Debug|Any CPU = Debug|Any CPU
		Demo|Any CPU = Demo|Any CPU
		MobileDev|Any CPU = MobileDev|Any CPU
		Release|Any CPU = Release|Any CPU
	EndGlobalSection
	GlobalSection(ProjectConfigurationPlatforms) = postSolution
		{E937EE2D-064B-4EDA-9E81-7E7F509A784A}.Debug|Any CPU.ActiveCfg = Debug|Any CPU
		{E937EE2D-064B-4EDA-9E81-7E7F509A784A}.Debug|Any CPU.Build.0 = Debug|Any CPU
		{E937EE2D-064B-4EDA-9E81-7E7F509A784A}.Demo|Any CPU.ActiveCfg = Debug|Any CPU
		{E937EE2D-064B-4EDA-9E81-7E7F509A784A}.Demo|Any CPU.Build.0 = Debug|Any CPU
		{E937EE2D-064B-4EDA-9E81-7E7F509A784A}.MobileDev|Any CPU.ActiveCfg = Release|Any CPU
		{E937EE2D-064B-4EDA-9E81-7E7F509A784A}.MobileDev|Any CPU.Build.0 = Release|Any CPU
		{E937EE2D-064B-4EDA-9E81-7E7F509A784A}.Release|Any CPU.ActiveCfg = Release|Any CPU
		{E937EE2D-064B-4EDA-9E81-7E7F509A784A}.Release|Any CPU.Build.0 = Release|Any CPU
		{47F8BAD7-332C-4463-8AA1-5BC7F9B3A663}.Debug|Any CPU.ActiveCfg = Debug|Any CPU
		{47F8BAD7-332C-4463-8AA1-5BC7F9B3A663}.Debug|Any CPU.Build.0 = Debug|Any CPU
		{47F8BAD7-332C-4463-8AA1-5BC7F9B3A663}.Demo|Any CPU.ActiveCfg = Debug|Any CPU
		{47F8BAD7-332C-4463-8AA1-5BC7F9B3A663}.Demo|Any CPU.Build.0 = Debug|Any CPU
		{47F8BAD7-332C-4463-8AA1-5BC7F9B3A663}.MobileDev|Any CPU.ActiveCfg = Release|Any CPU
		{47F8BAD7-332C-4463-8AA1-5BC7F9B3A663}.MobileDev|Any CPU.Build.0 = Release|Any CPU
		{47F8BAD7-332C-4463-8AA1-5BC7F9B3A663}.Release|Any CPU.ActiveCfg = Release|Any CPU
		{47F8BAD7-332C-4463-8AA1-5BC7F9B3A663}.Release|Any CPU.Build.0 = Release|Any CPU
		{472F51C6-9A40-44F4-93AA-4BFD944BB9A9}.Debug|Any CPU.ActiveCfg = Debug|Any CPU
		{472F51C6-9A40-44F4-93AA-4BFD944BB9A9}.Debug|Any CPU.Build.0 = Debug|Any CPU
		{472F51C6-9A40-44F4-93AA-4BFD944BB9A9}.Demo|Any CPU.ActiveCfg = Debug|Any CPU
		{472F51C6-9A40-44F4-93AA-4BFD944BB9A9}.Demo|Any CPU.Build.0 = Debug|Any CPU
		{472F51C6-9A40-44F4-93AA-4BFD944BB9A9}.MobileDev|Any CPU.ActiveCfg = Release|Any CPU
		{472F51C6-9A40-44F4-93AA-4BFD944BB9A9}.MobileDev|Any CPU.Build.0 = Release|Any CPU
		{472F51C6-9A40-44F4-93AA-4BFD944BB9A9}.Release|Any CPU.ActiveCfg = Release|Any CPU
		{472F51C6-9A40-44F4-93AA-4BFD944BB9A9}.Release|Any CPU.Build.0 = Release|Any CPU
		{DFDBE65D-88A8-4263-9DA0-D6AC589CAD28}.Debug|Any CPU.ActiveCfg = Debug|Any CPU
		{DFDBE65D-88A8-4263-9DA0-D6AC589CAD28}.Debug|Any CPU.Build.0 = Debug|Any CPU
		{DFDBE65D-88A8-4263-9DA0-D6AC589CAD28}.Demo|Any CPU.ActiveCfg = Debug|Any CPU
		{DFDBE65D-88A8-4263-9DA0-D6AC589CAD28}.Demo|Any CPU.Build.0 = Debug|Any CPU
		{DFDBE65D-88A8-4263-9DA0-D6AC589CAD28}.MobileDev|Any CPU.ActiveCfg = Release|Any CPU
		{DFDBE65D-88A8-4263-9DA0-D6AC589CAD28}.MobileDev|Any CPU.Build.0 = Release|Any CPU
		{DFDBE65D-88A8-4263-9DA0-D6AC589CAD28}.Release|Any CPU.ActiveCfg = Release|Any CPU
		{DFDBE65D-88A8-4263-9DA0-D6AC589CAD28}.Release|Any CPU.Build.0 = Release|Any CPU
		{686665D8-02BC-40CC-A779-B1CD1B20AE72}.Debug|Any CPU.ActiveCfg = Debug|Any CPU
		{686665D8-02BC-40CC-A779-B1CD1B20AE72}.Debug|Any CPU.Build.0 = Debug|Any CPU
		{686665D8-02BC-40CC-A779-B1CD1B20AE72}.Demo|Any CPU.ActiveCfg = Debug|Any CPU
		{686665D8-02BC-40CC-A779-B1CD1B20AE72}.Demo|Any CPU.Build.0 = Debug|Any CPU
		{686665D8-02BC-40CC-A779-B1CD1B20AE72}.MobileDev|Any CPU.ActiveCfg = Release|Any CPU
		{686665D8-02BC-40CC-A779-B1CD1B20AE72}.MobileDev|Any CPU.Build.0 = Release|Any CPU
		{686665D8-02BC-40CC-A779-B1CD1B20AE72}.Release|Any CPU.ActiveCfg = Release|Any CPU
		{686665D8-02BC-40CC-A779-B1CD1B20AE72}.Release|Any CPU.Build.0 = Release|Any CPU
		{E039B478-7BBE-4268-AE59-D920F419381E}.Debug|Any CPU.ActiveCfg = Debug|Any CPU
		{E039B478-7BBE-4268-AE59-D920F419381E}.Debug|Any CPU.Build.0 = Debug|Any CPU
		{E039B478-7BBE-4268-AE59-D920F419381E}.Demo|Any CPU.ActiveCfg = Debug|Any CPU
		{E039B478-7BBE-4268-AE59-D920F419381E}.Demo|Any CPU.Build.0 = Debug|Any CPU
		{E039B478-7BBE-4268-AE59-D920F419381E}.MobileDev|Any CPU.ActiveCfg = Release|Any CPU
		{E039B478-7BBE-4268-AE59-D920F419381E}.MobileDev|Any CPU.Build.0 = Release|Any CPU
		{E039B478-7BBE-4268-AE59-D920F419381E}.Release|Any CPU.ActiveCfg = Release|Any CPU
		{E039B478-7BBE-4268-AE59-D920F419381E}.Release|Any CPU.Build.0 = Release|Any CPU
		{EDF3DE51-8D39-4E53-9154-A18DDA989DA9}.Debug|Any CPU.ActiveCfg = Debug|Any CPU
		{EDF3DE51-8D39-4E53-9154-A18DDA989DA9}.Debug|Any CPU.Build.0 = Debug|Any CPU
		{EDF3DE51-8D39-4E53-9154-A18DDA989DA9}.Demo|Any CPU.ActiveCfg = Debug|Any CPU
		{EDF3DE51-8D39-4E53-9154-A18DDA989DA9}.Demo|Any CPU.Build.0 = Debug|Any CPU
		{EDF3DE51-8D39-4E53-9154-A18DDA989DA9}.MobileDev|Any CPU.ActiveCfg = Release|Any CPU
		{EDF3DE51-8D39-4E53-9154-A18DDA989DA9}.MobileDev|Any CPU.Build.0 = Release|Any CPU
		{EDF3DE51-8D39-4E53-9154-A18DDA989DA9}.Release|Any CPU.ActiveCfg = Release|Any CPU
		{EDF3DE51-8D39-4E53-9154-A18DDA989DA9}.Release|Any CPU.Build.0 = Release|Any CPU
		{1A611244-54BE-4F12-AA34-12F54A2B07E6}.Debug|Any CPU.ActiveCfg = Debug|Any CPU
		{1A611244-54BE-4F12-AA34-12F54A2B07E6}.Debug|Any CPU.Build.0 = Debug|Any CPU
		{1A611244-54BE-4F12-AA34-12F54A2B07E6}.Demo|Any CPU.ActiveCfg = Demo|Any CPU
		{1A611244-54BE-4F12-AA34-12F54A2B07E6}.Demo|Any CPU.Build.0 = Demo|Any CPU
		{1A611244-54BE-4F12-AA34-12F54A2B07E6}.MobileDev|Any CPU.ActiveCfg = MobileDev|Any CPU
		{1A611244-54BE-4F12-AA34-12F54A2B07E6}.MobileDev|Any CPU.Build.0 = MobileDev|Any CPU
		{1A611244-54BE-4F12-AA34-12F54A2B07E6}.Release|Any CPU.ActiveCfg = Release|Any CPU
		{1A611244-54BE-4F12-AA34-12F54A2B07E6}.Release|Any CPU.Build.0 = Release|Any CPU
		{04C08B97-3D9E-4BB4-B0EC-6AE035105BF8}.Debug|Any CPU.ActiveCfg = Debug|Any CPU
		{04C08B97-3D9E-4BB4-B0EC-6AE035105BF8}.Debug|Any CPU.Build.0 = Debug|Any CPU
		{04C08B97-3D9E-4BB4-B0EC-6AE035105BF8}.Demo|Any CPU.ActiveCfg = Demo|Any CPU
		{04C08B97-3D9E-4BB4-B0EC-6AE035105BF8}.Demo|Any CPU.Build.0 = Demo|Any CPU
		{04C08B97-3D9E-4BB4-B0EC-6AE035105BF8}.MobileDev|Any CPU.ActiveCfg = MobileDev|Any CPU
		{04C08B97-3D9E-4BB4-B0EC-6AE035105BF8}.MobileDev|Any CPU.Build.0 = MobileDev|Any CPU
		{04C08B97-3D9E-4BB4-B0EC-6AE035105BF8}.Release|Any CPU.ActiveCfg = Release|Any CPU
		{04C08B97-3D9E-4BB4-B0EC-6AE035105BF8}.Release|Any CPU.Build.0 = Release|Any CPU
		{EA853599-4781-4BD2-8EC7-61E893520A23}.Debug|Any CPU.ActiveCfg = Debug|Any CPU
		{EA853599-4781-4BD2-8EC7-61E893520A23}.Debug|Any CPU.Build.0 = Debug|Any CPU
		{EA853599-4781-4BD2-8EC7-61E893520A23}.Demo|Any CPU.ActiveCfg = Debug|Any CPU
		{EA853599-4781-4BD2-8EC7-61E893520A23}.Demo|Any CPU.Build.0 = Debug|Any CPU
		{EA853599-4781-4BD2-8EC7-61E893520A23}.MobileDev|Any CPU.ActiveCfg = Release|Any CPU
		{EA853599-4781-4BD2-8EC7-61E893520A23}.MobileDev|Any CPU.Build.0 = Release|Any CPU
		{EA853599-4781-4BD2-8EC7-61E893520A23}.Release|Any CPU.ActiveCfg = Release|Any CPU
		{EA853599-4781-4BD2-8EC7-61E893520A23}.Release|Any CPU.Build.0 = Release|Any CPU
		{6865624F-EEC7-4F4F-B7FF-4483F8D0B22D}.Debug|Any CPU.ActiveCfg = Debug|Any CPU
		{6865624F-EEC7-4F4F-B7FF-4483F8D0B22D}.Debug|Any CPU.Build.0 = Debug|Any CPU
		{6865624F-EEC7-4F4F-B7FF-4483F8D0B22D}.Demo|Any CPU.ActiveCfg = Debug|Any CPU
		{6865624F-EEC7-4F4F-B7FF-4483F8D0B22D}.Demo|Any CPU.Build.0 = Debug|Any CPU
		{6865624F-EEC7-4F4F-B7FF-4483F8D0B22D}.MobileDev|Any CPU.ActiveCfg = Release|Any CPU
		{6865624F-EEC7-4F4F-B7FF-4483F8D0B22D}.MobileDev|Any CPU.Build.0 = Release|Any CPU
		{6865624F-EEC7-4F4F-B7FF-4483F8D0B22D}.Release|Any CPU.ActiveCfg = Release|Any CPU
		{6865624F-EEC7-4F4F-B7FF-4483F8D0B22D}.Release|Any CPU.Build.0 = Release|Any CPU
		{9C43C2EB-DB4A-4BA0-B14F-24D0EA60D954}.Debug|Any CPU.ActiveCfg = Debug|Any CPU
		{9C43C2EB-DB4A-4BA0-B14F-24D0EA60D954}.Debug|Any CPU.Build.0 = Debug|Any CPU
		{9C43C2EB-DB4A-4BA0-B14F-24D0EA60D954}.Demo|Any CPU.ActiveCfg = Debug|Any CPU
		{9C43C2EB-DB4A-4BA0-B14F-24D0EA60D954}.Demo|Any CPU.Build.0 = Debug|Any CPU
		{9C43C2EB-DB4A-4BA0-B14F-24D0EA60D954}.MobileDev|Any CPU.ActiveCfg = Release|Any CPU
		{9C43C2EB-DB4A-4BA0-B14F-24D0EA60D954}.MobileDev|Any CPU.Build.0 = Release|Any CPU
		{9C43C2EB-DB4A-4BA0-B14F-24D0EA60D954}.Release|Any CPU.ActiveCfg = Release|Any CPU
		{9C43C2EB-DB4A-4BA0-B14F-24D0EA60D954}.Release|Any CPU.Build.0 = Release|Any CPU
		{ABD639A6-E306-4C15-BB2E-CDA458AA7761}.Debug|Any CPU.ActiveCfg = Debug|Any CPU
		{ABD639A6-E306-4C15-BB2E-CDA458AA7761}.Debug|Any CPU.Build.0 = Debug|Any CPU
		{ABD639A6-E306-4C15-BB2E-CDA458AA7761}.Demo|Any CPU.ActiveCfg = Debug|Any CPU
		{ABD639A6-E306-4C15-BB2E-CDA458AA7761}.Demo|Any CPU.Build.0 = Debug|Any CPU
		{ABD639A6-E306-4C15-BB2E-CDA458AA7761}.MobileDev|Any CPU.ActiveCfg = Release|Any CPU
		{ABD639A6-E306-4C15-BB2E-CDA458AA7761}.MobileDev|Any CPU.Build.0 = Release|Any CPU
		{ABD639A6-E306-4C15-BB2E-CDA458AA7761}.Release|Any CPU.ActiveCfg = Release|Any CPU
		{ABD639A6-E306-4C15-BB2E-CDA458AA7761}.Release|Any CPU.Build.0 = Release|Any CPU
		{E257A89A-0F74-4DC9-94FB-8AE38D5C46FB}.Debug|Any CPU.ActiveCfg = Debug|Any CPU
		{E257A89A-0F74-4DC9-94FB-8AE38D5C46FB}.Debug|Any CPU.Build.0 = Debug|Any CPU
		{E257A89A-0F74-4DC9-94FB-8AE38D5C46FB}.Demo|Any CPU.ActiveCfg = Debug|Any CPU
		{E257A89A-0F74-4DC9-94FB-8AE38D5C46FB}.Demo|Any CPU.Build.0 = Debug|Any CPU
		{E257A89A-0F74-4DC9-94FB-8AE38D5C46FB}.MobileDev|Any CPU.ActiveCfg = Release|Any CPU
		{E257A89A-0F74-4DC9-94FB-8AE38D5C46FB}.MobileDev|Any CPU.Build.0 = Release|Any CPU
		{E257A89A-0F74-4DC9-94FB-8AE38D5C46FB}.Release|Any CPU.ActiveCfg = Release|Any CPU
		{E257A89A-0F74-4DC9-94FB-8AE38D5C46FB}.Release|Any CPU.Build.0 = Release|Any CPU
		{C5891409-8F76-4B5E-8EB9-C35B89796131}.Debug|Any CPU.ActiveCfg = Debug|Any CPU
		{C5891409-8F76-4B5E-8EB9-C35B89796131}.Debug|Any CPU.Build.0 = Debug|Any CPU
		{C5891409-8F76-4B5E-8EB9-C35B89796131}.Demo|Any CPU.ActiveCfg = Debug|Any CPU
		{C5891409-8F76-4B5E-8EB9-C35B89796131}.Demo|Any CPU.Build.0 = Debug|Any CPU
		{C5891409-8F76-4B5E-8EB9-C35B89796131}.MobileDev|Any CPU.ActiveCfg = Release|Any CPU
		{C5891409-8F76-4B5E-8EB9-C35B89796131}.MobileDev|Any CPU.Build.0 = Release|Any CPU
		{C5891409-8F76-4B5E-8EB9-C35B89796131}.Release|Any CPU.ActiveCfg = Release|Any CPU
		{C5891409-8F76-4B5E-8EB9-C35B89796131}.Release|Any CPU.Build.0 = Release|Any CPU
		{E27058A1-26FF-49A7-AF8B-408B9F18ED16}.Debug|Any CPU.ActiveCfg = Debug|Any CPU
		{E27058A1-26FF-49A7-AF8B-408B9F18ED16}.Debug|Any CPU.Build.0 = Debug|Any CPU
		{E27058A1-26FF-49A7-AF8B-408B9F18ED16}.Demo|Any CPU.ActiveCfg = Debug|Any CPU
		{E27058A1-26FF-49A7-AF8B-408B9F18ED16}.Demo|Any CPU.Build.0 = Debug|Any CPU
		{E27058A1-26FF-49A7-AF8B-408B9F18ED16}.MobileDev|Any CPU.ActiveCfg = Release|Any CPU
		{E27058A1-26FF-49A7-AF8B-408B9F18ED16}.MobileDev|Any CPU.Build.0 = Release|Any CPU
		{E27058A1-26FF-49A7-AF8B-408B9F18ED16}.Release|Any CPU.ActiveCfg = Release|Any CPU
		{E27058A1-26FF-49A7-AF8B-408B9F18ED16}.Release|Any CPU.Build.0 = Release|Any CPU
		{021999F9-1E99-401B-9C7C-21C331434F02}.Debug|Any CPU.ActiveCfg = Debug|Any CPU
		{021999F9-1E99-401B-9C7C-21C331434F02}.Debug|Any CPU.Build.0 = Debug|Any CPU
		{021999F9-1E99-401B-9C7C-21C331434F02}.Demo|Any CPU.ActiveCfg = Debug|Any CPU
		{021999F9-1E99-401B-9C7C-21C331434F02}.Demo|Any CPU.Build.0 = Debug|Any CPU
		{021999F9-1E99-401B-9C7C-21C331434F02}.MobileDev|Any CPU.ActiveCfg = Release|Any CPU
		{021999F9-1E99-401B-9C7C-21C331434F02}.MobileDev|Any CPU.Build.0 = Release|Any CPU
		{021999F9-1E99-401B-9C7C-21C331434F02}.Release|Any CPU.ActiveCfg = Release|Any CPU
		{021999F9-1E99-401B-9C7C-21C331434F02}.Release|Any CPU.Build.0 = Release|Any CPU
		{75EF777B-DBF0-4B7C-ACCC-40F6264A4C5A}.Debug|Any CPU.ActiveCfg = Debug|Any CPU
		{75EF777B-DBF0-4B7C-ACCC-40F6264A4C5A}.Debug|Any CPU.Build.0 = Debug|Any CPU
		{75EF777B-DBF0-4B7C-ACCC-40F6264A4C5A}.Demo|Any CPU.ActiveCfg = Debug|Any CPU
		{75EF777B-DBF0-4B7C-ACCC-40F6264A4C5A}.Demo|Any CPU.Build.0 = Debug|Any CPU
		{75EF777B-DBF0-4B7C-ACCC-40F6264A4C5A}.MobileDev|Any CPU.ActiveCfg = Release|Any CPU
		{75EF777B-DBF0-4B7C-ACCC-40F6264A4C5A}.MobileDev|Any CPU.Build.0 = Release|Any CPU
		{75EF777B-DBF0-4B7C-ACCC-40F6264A4C5A}.Release|Any CPU.ActiveCfg = Release|Any CPU
		{75EF777B-DBF0-4B7C-ACCC-40F6264A4C5A}.Release|Any CPU.Build.0 = Release|Any CPU
		{713819B0-F4EB-497C-AF98-C2BA616B01B4}.Debug|Any CPU.ActiveCfg = Debug|Any CPU
		{713819B0-F4EB-497C-AF98-C2BA616B01B4}.Debug|Any CPU.Build.0 = Debug|Any CPU
		{713819B0-F4EB-497C-AF98-C2BA616B01B4}.Demo|Any CPU.ActiveCfg = Debug|Any CPU
		{713819B0-F4EB-497C-AF98-C2BA616B01B4}.Demo|Any CPU.Build.0 = Debug|Any CPU
		{713819B0-F4EB-497C-AF98-C2BA616B01B4}.MobileDev|Any CPU.ActiveCfg = Release|Any CPU
		{713819B0-F4EB-497C-AF98-C2BA616B01B4}.MobileDev|Any CPU.Build.0 = Release|Any CPU
		{713819B0-F4EB-497C-AF98-C2BA616B01B4}.Release|Any CPU.ActiveCfg = Release|Any CPU
		{713819B0-F4EB-497C-AF98-C2BA616B01B4}.Release|Any CPU.Build.0 = Release|Any CPU
		{D739BBC0-4F1C-40CB-97C8-7AF571688B7C}.Debug|Any CPU.ActiveCfg = Debug|Any CPU
		{D739BBC0-4F1C-40CB-97C8-7AF571688B7C}.Debug|Any CPU.Build.0 = Debug|Any CPU
		{D739BBC0-4F1C-40CB-97C8-7AF571688B7C}.Demo|Any CPU.ActiveCfg = Debug|Any CPU
		{D739BBC0-4F1C-40CB-97C8-7AF571688B7C}.Demo|Any CPU.Build.0 = Debug|Any CPU
		{D739BBC0-4F1C-40CB-97C8-7AF571688B7C}.MobileDev|Any CPU.ActiveCfg = Release|Any CPU
		{D739BBC0-4F1C-40CB-97C8-7AF571688B7C}.MobileDev|Any CPU.Build.0 = Release|Any CPU
		{D739BBC0-4F1C-40CB-97C8-7AF571688B7C}.Release|Any CPU.ActiveCfg = Release|Any CPU
		{D739BBC0-4F1C-40CB-97C8-7AF571688B7C}.Release|Any CPU.Build.0 = Release|Any CPU
		{CC76D04B-D9AC-46F8-9A1F-6BFDF0B962C9}.Debug|Any CPU.ActiveCfg = Debug|Any CPU
		{CC76D04B-D9AC-46F8-9A1F-6BFDF0B962C9}.Debug|Any CPU.Build.0 = Debug|Any CPU
		{CC76D04B-D9AC-46F8-9A1F-6BFDF0B962C9}.Demo|Any CPU.ActiveCfg = Debug|Any CPU
		{CC76D04B-D9AC-46F8-9A1F-6BFDF0B962C9}.Demo|Any CPU.Build.0 = Debug|Any CPU
		{CC76D04B-D9AC-46F8-9A1F-6BFDF0B962C9}.MobileDev|Any CPU.ActiveCfg = Release|Any CPU
		{CC76D04B-D9AC-46F8-9A1F-6BFDF0B962C9}.MobileDev|Any CPU.Build.0 = Release|Any CPU
		{CC76D04B-D9AC-46F8-9A1F-6BFDF0B962C9}.Release|Any CPU.ActiveCfg = Release|Any CPU
		{CC76D04B-D9AC-46F8-9A1F-6BFDF0B962C9}.Release|Any CPU.Build.0 = Release|Any CPU
		{AF76DFF8-2267-4370-83D3-FE254B774C3D}.Debug|Any CPU.ActiveCfg = Debug|Any CPU
		{AF76DFF8-2267-4370-83D3-FE254B774C3D}.Debug|Any CPU.Build.0 = Debug|Any CPU
		{AF76DFF8-2267-4370-83D3-FE254B774C3D}.Demo|Any CPU.ActiveCfg = Debug|Any CPU
		{AF76DFF8-2267-4370-83D3-FE254B774C3D}.Demo|Any CPU.Build.0 = Debug|Any CPU
		{AF76DFF8-2267-4370-83D3-FE254B774C3D}.MobileDev|Any CPU.ActiveCfg = Release|Any CPU
		{AF76DFF8-2267-4370-83D3-FE254B774C3D}.MobileDev|Any CPU.Build.0 = Release|Any CPU
		{AF76DFF8-2267-4370-83D3-FE254B774C3D}.Release|Any CPU.ActiveCfg = Release|Any CPU
		{AF76DFF8-2267-4370-83D3-FE254B774C3D}.Release|Any CPU.Build.0 = Release|Any CPU
		{F77C735A-2334-4471-A4F2-41BDAC8A8492}.Debug|Any CPU.ActiveCfg = Debug|Any CPU
		{F77C735A-2334-4471-A4F2-41BDAC8A8492}.Debug|Any CPU.Build.0 = Debug|Any CPU
		{F77C735A-2334-4471-A4F2-41BDAC8A8492}.Demo|Any CPU.ActiveCfg = Debug|Any CPU
		{F77C735A-2334-4471-A4F2-41BDAC8A8492}.Demo|Any CPU.Build.0 = Debug|Any CPU
		{F77C735A-2334-4471-A4F2-41BDAC8A8492}.MobileDev|Any CPU.ActiveCfg = Release|Any CPU
		{F77C735A-2334-4471-A4F2-41BDAC8A8492}.MobileDev|Any CPU.Build.0 = Release|Any CPU
		{F77C735A-2334-4471-A4F2-41BDAC8A8492}.Release|Any CPU.ActiveCfg = Release|Any CPU
		{F77C735A-2334-4471-A4F2-41BDAC8A8492}.Release|Any CPU.Build.0 = Release|Any CPU
		{0743A167-5C43-4D24-AF1B-E659CC7A380F}.Debug|Any CPU.ActiveCfg = Debug|Any CPU
		{0743A167-5C43-4D24-AF1B-E659CC7A380F}.Debug|Any CPU.Build.0 = Debug|Any CPU
		{0743A167-5C43-4D24-AF1B-E659CC7A380F}.Demo|Any CPU.ActiveCfg = Debug|Any CPU
		{0743A167-5C43-4D24-AF1B-E659CC7A380F}.Demo|Any CPU.Build.0 = Debug|Any CPU
		{0743A167-5C43-4D24-AF1B-E659CC7A380F}.MobileDev|Any CPU.ActiveCfg = Release|Any CPU
		{0743A167-5C43-4D24-AF1B-E659CC7A380F}.MobileDev|Any CPU.Build.0 = Release|Any CPU
		{0743A167-5C43-4D24-AF1B-E659CC7A380F}.Release|Any CPU.ActiveCfg = Release|Any CPU
		{0743A167-5C43-4D24-AF1B-E659CC7A380F}.Release|Any CPU.Build.0 = Release|Any CPU
		{FC70F826-2BAF-499E-809A-EE540EF9F386}.Debug|Any CPU.ActiveCfg = Debug|Any CPU
		{FC70F826-2BAF-499E-809A-EE540EF9F386}.Debug|Any CPU.Build.0 = Debug|Any CPU
		{FC70F826-2BAF-499E-809A-EE540EF9F386}.Demo|Any CPU.ActiveCfg = Debug|Any CPU
		{FC70F826-2BAF-499E-809A-EE540EF9F386}.Demo|Any CPU.Build.0 = Debug|Any CPU
		{FC70F826-2BAF-499E-809A-EE540EF9F386}.MobileDev|Any CPU.ActiveCfg = Release|Any CPU
		{FC70F826-2BAF-499E-809A-EE540EF9F386}.MobileDev|Any CPU.Build.0 = Release|Any CPU
		{FC70F826-2BAF-499E-809A-EE540EF9F386}.Release|Any CPU.ActiveCfg = Release|Any CPU
		{FC70F826-2BAF-499E-809A-EE540EF9F386}.Release|Any CPU.Build.0 = Release|Any CPU
		{871801AE-77A3-4330-BA3F-6D065F49DE37}.Debug|Any CPU.ActiveCfg = Debug|Any CPU
		{871801AE-77A3-4330-BA3F-6D065F49DE37}.Debug|Any CPU.Build.0 = Debug|Any CPU
		{871801AE-77A3-4330-BA3F-6D065F49DE37}.Demo|Any CPU.ActiveCfg = Debug|Any CPU
		{871801AE-77A3-4330-BA3F-6D065F49DE37}.Demo|Any CPU.Build.0 = Debug|Any CPU
		{871801AE-77A3-4330-BA3F-6D065F49DE37}.MobileDev|Any CPU.ActiveCfg = Release|Any CPU
		{871801AE-77A3-4330-BA3F-6D065F49DE37}.MobileDev|Any CPU.Build.0 = Release|Any CPU
		{871801AE-77A3-4330-BA3F-6D065F49DE37}.Release|Any CPU.ActiveCfg = Release|Any CPU
		{871801AE-77A3-4330-BA3F-6D065F49DE37}.Release|Any CPU.Build.0 = Release|Any CPU
		{CA67D2A8-6E80-44B4-A331-78577278BA9E}.Debug|Any CPU.ActiveCfg = Debug|Any CPU
		{CA67D2A8-6E80-44B4-A331-78577278BA9E}.Debug|Any CPU.Build.0 = Debug|Any CPU
		{CA67D2A8-6E80-44B4-A331-78577278BA9E}.Demo|Any CPU.ActiveCfg = Debug|Any CPU
		{CA67D2A8-6E80-44B4-A331-78577278BA9E}.Demo|Any CPU.Build.0 = Debug|Any CPU
		{CA67D2A8-6E80-44B4-A331-78577278BA9E}.MobileDev|Any CPU.ActiveCfg = Release|Any CPU
		{CA67D2A8-6E80-44B4-A331-78577278BA9E}.MobileDev|Any CPU.Build.0 = Release|Any CPU
		{CA67D2A8-6E80-44B4-A331-78577278BA9E}.Release|Any CPU.ActiveCfg = Release|Any CPU
		{CA67D2A8-6E80-44B4-A331-78577278BA9E}.Release|Any CPU.Build.0 = Release|Any CPU
		{C0120CB3-63EB-4DB1-9D21-1F68FF99DDAE}.Debug|Any CPU.ActiveCfg = Debug|Any CPU
		{C0120CB3-63EB-4DB1-9D21-1F68FF99DDAE}.Debug|Any CPU.Build.0 = Debug|Any CPU
		{C0120CB3-63EB-4DB1-9D21-1F68FF99DDAE}.Demo|Any CPU.ActiveCfg = Debug|Any CPU
		{C0120CB3-63EB-4DB1-9D21-1F68FF99DDAE}.Demo|Any CPU.Build.0 = Debug|Any CPU
		{C0120CB3-63EB-4DB1-9D21-1F68FF99DDAE}.MobileDev|Any CPU.ActiveCfg = Release|Any CPU
		{C0120CB3-63EB-4DB1-9D21-1F68FF99DDAE}.MobileDev|Any CPU.Build.0 = Release|Any CPU
		{C0120CB3-63EB-4DB1-9D21-1F68FF99DDAE}.Release|Any CPU.ActiveCfg = Release|Any CPU
		{C0120CB3-63EB-4DB1-9D21-1F68FF99DDAE}.Release|Any CPU.Build.0 = Release|Any CPU
		{B93589B3-9BFD-4030-8FAA-D7E21524EF0B}.Debug|Any CPU.ActiveCfg = Debug|Any CPU
		{B93589B3-9BFD-4030-8FAA-D7E21524EF0B}.Debug|Any CPU.Build.0 = Debug|Any CPU
		{B93589B3-9BFD-4030-8FAA-D7E21524EF0B}.Demo|Any CPU.ActiveCfg = Debug|Any CPU
		{B93589B3-9BFD-4030-8FAA-D7E21524EF0B}.Demo|Any CPU.Build.0 = Debug|Any CPU
		{B93589B3-9BFD-4030-8FAA-D7E21524EF0B}.MobileDev|Any CPU.ActiveCfg = Release|Any CPU
		{B93589B3-9BFD-4030-8FAA-D7E21524EF0B}.MobileDev|Any CPU.Build.0 = Release|Any CPU
		{B93589B3-9BFD-4030-8FAA-D7E21524EF0B}.Release|Any CPU.ActiveCfg = Release|Any CPU
		{B93589B3-9BFD-4030-8FAA-D7E21524EF0B}.Release|Any CPU.Build.0 = Release|Any CPU
		{6EBBBEC6-4829-4F55-A309-E0F7F88B33CB}.Debug|Any CPU.ActiveCfg = Debug|Any CPU
		{6EBBBEC6-4829-4F55-A309-E0F7F88B33CB}.Debug|Any CPU.Build.0 = Debug|Any CPU
		{6EBBBEC6-4829-4F55-A309-E0F7F88B33CB}.Demo|Any CPU.ActiveCfg = Debug|Any CPU
		{6EBBBEC6-4829-4F55-A309-E0F7F88B33CB}.Demo|Any CPU.Build.0 = Debug|Any CPU
		{6EBBBEC6-4829-4F55-A309-E0F7F88B33CB}.MobileDev|Any CPU.ActiveCfg = Release|Any CPU
		{6EBBBEC6-4829-4F55-A309-E0F7F88B33CB}.MobileDev|Any CPU.Build.0 = Release|Any CPU
		{6EBBBEC6-4829-4F55-A309-E0F7F88B33CB}.Release|Any CPU.ActiveCfg = Release|Any CPU
		{6EBBBEC6-4829-4F55-A309-E0F7F88B33CB}.Release|Any CPU.Build.0 = Release|Any CPU
		{6F50A0A9-EE08-4B81-882E-C9E0854CB9C9}.Debug|Any CPU.ActiveCfg = Debug|Any CPU
		{6F50A0A9-EE08-4B81-882E-C9E0854CB9C9}.Debug|Any CPU.Build.0 = Debug|Any CPU
		{6F50A0A9-EE08-4B81-882E-C9E0854CB9C9}.Demo|Any CPU.ActiveCfg = Debug|Any CPU
		{6F50A0A9-EE08-4B81-882E-C9E0854CB9C9}.Demo|Any CPU.Build.0 = Debug|Any CPU
		{6F50A0A9-EE08-4B81-882E-C9E0854CB9C9}.MobileDev|Any CPU.ActiveCfg = Release|Any CPU
		{6F50A0A9-EE08-4B81-882E-C9E0854CB9C9}.MobileDev|Any CPU.Build.0 = Release|Any CPU
		{6F50A0A9-EE08-4B81-882E-C9E0854CB9C9}.Release|Any CPU.ActiveCfg = Release|Any CPU
		{6F50A0A9-EE08-4B81-882E-C9E0854CB9C9}.Release|Any CPU.Build.0 = Release|Any CPU
		{C5D3ABE7-23FA-49E7-95C4-E61D90434E86}.Debug|Any CPU.ActiveCfg = Debug|Any CPU
		{C5D3ABE7-23FA-49E7-95C4-E61D90434E86}.Debug|Any CPU.Build.0 = Debug|Any CPU
		{C5D3ABE7-23FA-49E7-95C4-E61D90434E86}.Demo|Any CPU.ActiveCfg = Debug|Any CPU
		{C5D3ABE7-23FA-49E7-95C4-E61D90434E86}.Demo|Any CPU.Build.0 = Debug|Any CPU
		{C5D3ABE7-23FA-49E7-95C4-E61D90434E86}.MobileDev|Any CPU.ActiveCfg = Release|Any CPU
		{C5D3ABE7-23FA-49E7-95C4-E61D90434E86}.MobileDev|Any CPU.Build.0 = Release|Any CPU
		{C5D3ABE7-23FA-49E7-95C4-E61D90434E86}.Release|Any CPU.ActiveCfg = Release|Any CPU
		{C5D3ABE7-23FA-49E7-95C4-E61D90434E86}.Release|Any CPU.Build.0 = Release|Any CPU
		{03342218-843B-4576-B5FA-9F37C297DA60}.Debug|Any CPU.ActiveCfg = Debug|Any CPU
		{03342218-843B-4576-B5FA-9F37C297DA60}.Debug|Any CPU.Build.0 = Debug|Any CPU
		{03342218-843B-4576-B5FA-9F37C297DA60}.Demo|Any CPU.ActiveCfg = Debug|Any CPU
		{03342218-843B-4576-B5FA-9F37C297DA60}.Demo|Any CPU.Build.0 = Debug|Any CPU
		{03342218-843B-4576-B5FA-9F37C297DA60}.MobileDev|Any CPU.ActiveCfg = Release|Any CPU
		{03342218-843B-4576-B5FA-9F37C297DA60}.MobileDev|Any CPU.Build.0 = Release|Any CPU
		{03342218-843B-4576-B5FA-9F37C297DA60}.Release|Any CPU.ActiveCfg = Release|Any CPU
		{03342218-843B-4576-B5FA-9F37C297DA60}.Release|Any CPU.Build.0 = Release|Any CPU
		{B5B94B38-4901-4D3F-859E-E157623501D9}.Debug|Any CPU.ActiveCfg = Debug|Any CPU
		{B5B94B38-4901-4D3F-859E-E157623501D9}.Debug|Any CPU.Build.0 = Debug|Any CPU
		{B5B94B38-4901-4D3F-859E-E157623501D9}.Demo|Any CPU.ActiveCfg = Debug|Any CPU
		{B5B94B38-4901-4D3F-859E-E157623501D9}.Demo|Any CPU.Build.0 = Debug|Any CPU
		{B5B94B38-4901-4D3F-859E-E157623501D9}.MobileDev|Any CPU.ActiveCfg = Release|Any CPU
		{B5B94B38-4901-4D3F-859E-E157623501D9}.MobileDev|Any CPU.Build.0 = Release|Any CPU
		{B5B94B38-4901-4D3F-859E-E157623501D9}.Release|Any CPU.ActiveCfg = Release|Any CPU
		{B5B94B38-4901-4D3F-859E-E157623501D9}.Release|Any CPU.Build.0 = Release|Any CPU
		{170080C7-08E4-4870-A2A4-C71F7CAE9ABD}.Debug|Any CPU.ActiveCfg = Debug|Any CPU
		{170080C7-08E4-4870-A2A4-C71F7CAE9ABD}.Debug|Any CPU.Build.0 = Debug|Any CPU
		{170080C7-08E4-4870-A2A4-C71F7CAE9ABD}.Demo|Any CPU.ActiveCfg = Debug|Any CPU
		{170080C7-08E4-4870-A2A4-C71F7CAE9ABD}.Demo|Any CPU.Build.0 = Debug|Any CPU
		{170080C7-08E4-4870-A2A4-C71F7CAE9ABD}.MobileDev|Any CPU.ActiveCfg = Release|Any CPU
		{170080C7-08E4-4870-A2A4-C71F7CAE9ABD}.MobileDev|Any CPU.Build.0 = Release|Any CPU
		{170080C7-08E4-4870-A2A4-C71F7CAE9ABD}.Release|Any CPU.ActiveCfg = Release|Any CPU
		{170080C7-08E4-4870-A2A4-C71F7CAE9ABD}.Release|Any CPU.Build.0 = Release|Any CPU
		{46FB3942-D0A5-4BFF-97B0-739E56BFB111}.Debug|Any CPU.ActiveCfg = Debug|Any CPU
		{46FB3942-D0A5-4BFF-97B0-739E56BFB111}.Debug|Any CPU.Build.0 = Debug|Any CPU
		{46FB3942-D0A5-4BFF-97B0-739E56BFB111}.Demo|Any CPU.ActiveCfg = Debug|Any CPU
		{46FB3942-D0A5-4BFF-97B0-739E56BFB111}.Demo|Any CPU.Build.0 = Debug|Any CPU
		{46FB3942-D0A5-4BFF-97B0-739E56BFB111}.MobileDev|Any CPU.ActiveCfg = Release|Any CPU
		{46FB3942-D0A5-4BFF-97B0-739E56BFB111}.MobileDev|Any CPU.Build.0 = Release|Any CPU
		{46FB3942-D0A5-4BFF-97B0-739E56BFB111}.Release|Any CPU.ActiveCfg = Release|Any CPU
		{46FB3942-D0A5-4BFF-97B0-739E56BFB111}.Release|Any CPU.Build.0 = Release|Any CPU
		{748B993D-4F65-4A39-B865-6A7D5412C4BA}.Debug|Any CPU.ActiveCfg = Debug|Any CPU
		{748B993D-4F65-4A39-B865-6A7D5412C4BA}.Debug|Any CPU.Build.0 = Debug|Any CPU
		{748B993D-4F65-4A39-B865-6A7D5412C4BA}.Demo|Any CPU.ActiveCfg = Debug|Any CPU
		{748B993D-4F65-4A39-B865-6A7D5412C4BA}.Demo|Any CPU.Build.0 = Debug|Any CPU
		{748B993D-4F65-4A39-B865-6A7D5412C4BA}.MobileDev|Any CPU.ActiveCfg = Release|Any CPU
		{748B993D-4F65-4A39-B865-6A7D5412C4BA}.MobileDev|Any CPU.Build.0 = Release|Any CPU
		{748B993D-4F65-4A39-B865-6A7D5412C4BA}.Release|Any CPU.ActiveCfg = Release|Any CPU
		{748B993D-4F65-4A39-B865-6A7D5412C4BA}.Release|Any CPU.Build.0 = Release|Any CPU
		{DC7F8819-3368-4B76-A7E7-C4433176EC58}.Debug|Any CPU.ActiveCfg = Debug|Any CPU
		{DC7F8819-3368-4B76-A7E7-C4433176EC58}.Debug|Any CPU.Build.0 = Debug|Any CPU
		{DC7F8819-3368-4B76-A7E7-C4433176EC58}.Demo|Any CPU.ActiveCfg = Debug|Any CPU
		{DC7F8819-3368-4B76-A7E7-C4433176EC58}.Demo|Any CPU.Build.0 = Debug|Any CPU
		{DC7F8819-3368-4B76-A7E7-C4433176EC58}.MobileDev|Any CPU.ActiveCfg = Release|Any CPU
		{DC7F8819-3368-4B76-A7E7-C4433176EC58}.MobileDev|Any CPU.Build.0 = Release|Any CPU
		{DC7F8819-3368-4B76-A7E7-C4433176EC58}.Release|Any CPU.ActiveCfg = Release|Any CPU
		{DC7F8819-3368-4B76-A7E7-C4433176EC58}.Release|Any CPU.Build.0 = Release|Any CPU
		{6AFEF057-8D02-4F3C-AC41-6815E9CFD15A}.Debug|Any CPU.ActiveCfg = Debug|Any CPU
		{6AFEF057-8D02-4F3C-AC41-6815E9CFD15A}.Debug|Any CPU.Build.0 = Debug|Any CPU
		{6AFEF057-8D02-4F3C-AC41-6815E9CFD15A}.Demo|Any CPU.ActiveCfg = Debug|Any CPU
		{6AFEF057-8D02-4F3C-AC41-6815E9CFD15A}.Demo|Any CPU.Build.0 = Debug|Any CPU
		{6AFEF057-8D02-4F3C-AC41-6815E9CFD15A}.MobileDev|Any CPU.ActiveCfg = Release|Any CPU
		{6AFEF057-8D02-4F3C-AC41-6815E9CFD15A}.MobileDev|Any CPU.Build.0 = Release|Any CPU
		{6AFEF057-8D02-4F3C-AC41-6815E9CFD15A}.Release|Any CPU.ActiveCfg = Release|Any CPU
		{6AFEF057-8D02-4F3C-AC41-6815E9CFD15A}.Release|Any CPU.Build.0 = Release|Any CPU
		{A9DAEA2D-26AC-4FFE-A4B0-3DEF95DE4168}.Debug|Any CPU.ActiveCfg = Debug|Any CPU
		{A9DAEA2D-26AC-4FFE-A4B0-3DEF95DE4168}.Debug|Any CPU.Build.0 = Debug|Any CPU
		{A9DAEA2D-26AC-4FFE-A4B0-3DEF95DE4168}.Demo|Any CPU.ActiveCfg = Debug|Any CPU
		{A9DAEA2D-26AC-4FFE-A4B0-3DEF95DE4168}.Demo|Any CPU.Build.0 = Debug|Any CPU
		{A9DAEA2D-26AC-4FFE-A4B0-3DEF95DE4168}.MobileDev|Any CPU.ActiveCfg = Release|Any CPU
		{A9DAEA2D-26AC-4FFE-A4B0-3DEF95DE4168}.MobileDev|Any CPU.Build.0 = Release|Any CPU
		{A9DAEA2D-26AC-4FFE-A4B0-3DEF95DE4168}.Release|Any CPU.ActiveCfg = Release|Any CPU
		{A9DAEA2D-26AC-4FFE-A4B0-3DEF95DE4168}.Release|Any CPU.Build.0 = Release|Any CPU
	EndGlobalSection
	GlobalSection(SolutionProperties) = preSolution
		HideSolutionNode = FALSE
	EndGlobalSection
	GlobalSection(NestedProjects) = preSolution
		{DBE0B254-4C58-46C4-A3DE-140364B4623B} = {9589D070-E5C0-415E-B2D6-2AC6A25E7832}
		{DA11E3FB-A565-4343-BBC8-25AC440C9408} = {9589D070-E5C0-415E-B2D6-2AC6A25E7832}
		{4CFD01B5-3424-4657-AB9A-C5E61AD132C9} = {9589D070-E5C0-415E-B2D6-2AC6A25E7832}
		{270F5203-FE58-480F-AF4B-C38D4461FEEC} = {9589D070-E5C0-415E-B2D6-2AC6A25E7832}
		{DC7F8819-3368-4B76-A7E7-C4433176EC58} = {9589D070-E5C0-415E-B2D6-2AC6A25E7832}
		{472F51C6-9A40-44F4-93AA-4BFD944BB9A9} = {3B620E60-2B54-48B4-B0D3-8C0A8DD7E503}
		{686665D8-02BC-40CC-A779-B1CD1B20AE72} = {3B620E60-2B54-48B4-B0D3-8C0A8DD7E503}
		{E4523368-1DC2-4CEC-8F7D-2F00F8B98B61} = {AC5E737F-B409-4F3C-A5DA-9B8C5DEB47EB}
		{22BB82CE-D79E-4305-9B80-F676CB926748} = {AC5E737F-B409-4F3C-A5DA-9B8C5DEB47EB}
		{8DC0E577-3416-41FD-80BA-11DDE04C1BAE} = {45FF71E8-CA94-4ED4-8058-D29BB2DE052D}
		{C0120CB3-63EB-4DB1-9D21-1F68FF99DDAE} = {45FF71E8-CA94-4ED4-8058-D29BB2DE052D}
		{B93589B3-9BFD-4030-8FAA-D7E21524EF0B} = {45FF71E8-CA94-4ED4-8058-D29BB2DE052D}
		{6EBBBEC6-4829-4F55-A309-E0F7F88B33CB} = {45FF71E8-CA94-4ED4-8058-D29BB2DE052D}
		{6F50A0A9-EE08-4B81-882E-C9E0854CB9C9} = {45FF71E8-CA94-4ED4-8058-D29BB2DE052D}
		{C5D3ABE7-23FA-49E7-95C4-E61D90434E86} = {45FF71E8-CA94-4ED4-8058-D29BB2DE052D}
		{03342218-843B-4576-B5FA-9F37C297DA60} = {45FF71E8-CA94-4ED4-8058-D29BB2DE052D}
		{47F8BAD7-332C-4463-8AA1-5BC7F9B3A663} = {0CE13F71-3913-4C34-863E-FF1A7788C177}
		{F77C735A-2334-4471-A4F2-41BDAC8A8492} = {0CE13F71-3913-4C34-863E-FF1A7788C177}
		{0A204D3D-73E9-4C85-A601-D91282B4CA16} = {0CE13F71-3913-4C34-863E-FF1A7788C177}
		{170080C7-08E4-4870-A2A4-C71F7CAE9ABD} = {0CE13F71-3913-4C34-863E-FF1A7788C177}
		{EA853599-4781-4BD2-8EC7-61E893520A23} = {DBE0B254-4C58-46C4-A3DE-140364B4623B}
		{E937EE2D-064B-4EDA-9E81-7E7F509A784A} = {DBE0B254-4C58-46C4-A3DE-140364B4623B}
		{1A611244-54BE-4F12-AA34-12F54A2B07E6} = {DA11E3FB-A565-4343-BBC8-25AC440C9408}
		{04C08B97-3D9E-4BB4-B0EC-6AE035105BF8} = {DA11E3FB-A565-4343-BBC8-25AC440C9408}
		{E039B478-7BBE-4268-AE59-D920F419381E} = {4CFD01B5-3424-4657-AB9A-C5E61AD132C9}
		{EDF3DE51-8D39-4E53-9154-A18DDA989DA9} = {4CFD01B5-3424-4657-AB9A-C5E61AD132C9}
		{E257A89A-0F74-4DC9-94FB-8AE38D5C46FB} = {E4523368-1DC2-4CEC-8F7D-2F00F8B98B61}
		{C5891409-8F76-4B5E-8EB9-C35B89796131} = {E4523368-1DC2-4CEC-8F7D-2F00F8B98B61}
		{E27058A1-26FF-49A7-AF8B-408B9F18ED16} = {E4523368-1DC2-4CEC-8F7D-2F00F8B98B61}
		{021999F9-1E99-401B-9C7C-21C331434F02} = {E4523368-1DC2-4CEC-8F7D-2F00F8B98B61}
		{75EF777B-DBF0-4B7C-ACCC-40F6264A4C5A} = {E4523368-1DC2-4CEC-8F7D-2F00F8B98B61}
		{713819B0-F4EB-497C-AF98-C2BA616B01B4} = {E4523368-1DC2-4CEC-8F7D-2F00F8B98B61}
		{D739BBC0-4F1C-40CB-97C8-7AF571688B7C} = {E4523368-1DC2-4CEC-8F7D-2F00F8B98B61}
		{AF76DFF8-2267-4370-83D3-FE254B774C3D} = {E4523368-1DC2-4CEC-8F7D-2F00F8B98B61}
		{ABD639A6-E306-4C15-BB2E-CDA458AA7761} = {E4523368-1DC2-4CEC-8F7D-2F00F8B98B61}
		{B5B94B38-4901-4D3F-859E-E157623501D9} = {E4523368-1DC2-4CEC-8F7D-2F00F8B98B61}
		{FC70F826-2BAF-499E-809A-EE540EF9F386} = {22BB82CE-D79E-4305-9B80-F676CB926748}
		{871801AE-77A3-4330-BA3F-6D065F49DE37} = {22BB82CE-D79E-4305-9B80-F676CB926748}
		{CA67D2A8-6E80-44B4-A331-78577278BA9E} = {22BB82CE-D79E-4305-9B80-F676CB926748}
		{0743A167-5C43-4D24-AF1B-E659CC7A380F} = {22BB82CE-D79E-4305-9B80-F676CB926748}
		{46FB3942-D0A5-4BFF-97B0-739E56BFB111} = {270F5203-FE58-480F-AF4B-C38D4461FEEC}
		{748B993D-4F65-4A39-B865-6A7D5412C4BA} = {270F5203-FE58-480F-AF4B-C38D4461FEEC}
		{6AFEF057-8D02-4F3C-AC41-6815E9CFD15A} = {4DBA978E-FCE5-4FF2-A22D-E4506C4E6DEA}
		{A9DAEA2D-26AC-4FFE-A4B0-3DEF95DE4168} = {4DBA978E-FCE5-4FF2-A22D-E4506C4E6DEA}
	EndGlobalSection
EndGlobal
