
Microsoft Visual Studio Solution File, Format Version 11.00
# Visual Studio 2010
Project("{FAE04EC0-301F-11D3-BF4B-00C04F79EFBC}") = "ClassLibrary", "ClassLibrary\ClassLibrary.csproj", "{3282305B-08F4-4315-BFF5-C9DDE6F97A30}"
EndProject
Global
	GlobalSection(SolutionConfigurationPlatforms) = preSolution
		Debug|Any CPU = Debug|Any CPU
		Release|Any CPU = Release|Any CPU
	EndGlobalSection
	GlobalSection(ProjectConfigurationPlatforms) = postSolution
		{3282305B-08F4-4315-BFF5-C9DDE6F97A30}.Debug|Any CPU.ActiveCfg = Debug|Any CPU
		{3282305B-08F4-4315-BFF5-C9DDE6F97A30}.Debug|Any CPU.Build.0 = Debug|Any CPU
		{3282305B-08F4-4315-BFF5-C9DDE6F97A30}.Release|Any CPU.ActiveCfg = Release|Any CPU
		{3282305B-08F4-4315-BFF5-C9DDE6F97A30}.Release|Any CPU.Build.0 = Release|Any CPU
	EndGlobalSection
	GlobalSection(SolutionProperties) = preSolution
		HideSolutionNode = FALSE
	EndGlobalSection
EndGlobal
