
Microsoft Visual Studio Solution File, Format Version 11.00
# Visual Studio 2010
Project("{FAE04EC0-301F-11D3-BF4B-00C04F79EFBC}") = "pvDataLayer", "pvDataLayer\pvDataLayer.csproj", "{5E5524CA-01D3-4538-831D-FEAFC429F241}"
EndProject
Project("{FAE04EC0-301F-11D3-BF4B-00C04F79EFBC}") = "NUnit.Runner", "NUnit.Runner\NUnit.Runner.csproj", "{47E9D680-C10C-46B6-BDC8-68CEFC037AFE}"
EndProject
Project("{FAE04EC0-301F-11D3-BF4B-00C04F79EFBC}") = "pvDataLayer.Tests", "pvDataLayer.Tests\pvDataLayer.Tests.csproj", "{1310A592-85DB-4513-81C7-DDEA864401DF}"
EndProject
Global
	GlobalSection(SolutionConfigurationPlatforms) = preSolution
		Debug|Any CPU = Debug|Any CPU
		Debug|Mixed Platforms = Debug|Mixed Platforms
		Debug|x86 = Debug|x86
		Release|Any CPU = Release|Any CPU
		Release|Mixed Platforms = Release|Mixed Platforms
		Release|x86 = Release|x86
	EndGlobalSection
	GlobalSection(ProjectConfigurationPlatforms) = postSolution
		{5E5524CA-01D3-4538-831D-FEAFC429F241}.Debug|Any CPU.ActiveCfg = Debug|Any CPU
		{5E5524CA-01D3-4538-831D-FEAFC429F241}.Debug|Any CPU.Build.0 = Debug|Any CPU
		{5E5524CA-01D3-4538-831D-FEAFC429F241}.Debug|Mixed Platforms.ActiveCfg = Debug|Any CPU
		{5E5524CA-01D3-4538-831D-FEAFC429F241}.Debug|Mixed Platforms.Build.0 = Debug|Any CPU
		{5E5524CA-01D3-4538-831D-FEAFC429F241}.Debug|x86.ActiveCfg = Debug|Any CPU
		{5E5524CA-01D3-4538-831D-FEAFC429F241}.Release|Any CPU.ActiveCfg = Release|Any CPU
		{5E5524CA-01D3-4538-831D-FEAFC429F241}.Release|Any CPU.Build.0 = Release|Any CPU
		{5E5524CA-01D3-4538-831D-FEAFC429F241}.Release|Mixed Platforms.ActiveCfg = Release|Any CPU
		{5E5524CA-01D3-4538-831D-FEAFC429F241}.Release|Mixed Platforms.Build.0 = Release|Any CPU
		{5E5524CA-01D3-4538-831D-FEAFC429F241}.Release|x86.ActiveCfg = Release|Any CPU
		{47E9D680-C10C-46B6-BDC8-68CEFC037AFE}.Debug|Any CPU.ActiveCfg = Debug|x86
		{47E9D680-C10C-46B6-BDC8-68CEFC037AFE}.Debug|Mixed Platforms.ActiveCfg = Debug|x86
		{47E9D680-C10C-46B6-BDC8-68CEFC037AFE}.Debug|Mixed Platforms.Build.0 = Debug|x86
		{47E9D680-C10C-46B6-BDC8-68CEFC037AFE}.Debug|x86.ActiveCfg = Debug|x86
		{47E9D680-C10C-46B6-BDC8-68CEFC037AFE}.Debug|x86.Build.0 = Debug|x86
		{47E9D680-C10C-46B6-BDC8-68CEFC037AFE}.Release|Any CPU.ActiveCfg = Release|x86
		{47E9D680-C10C-46B6-BDC8-68CEFC037AFE}.Release|Mixed Platforms.ActiveCfg = Release|x86
		{47E9D680-C10C-46B6-BDC8-68CEFC037AFE}.Release|Mixed Platforms.Build.0 = Release|x86
		{47E9D680-C10C-46B6-BDC8-68CEFC037AFE}.Release|x86.ActiveCfg = Release|x86
		{47E9D680-C10C-46B6-BDC8-68CEFC037AFE}.Release|x86.Build.0 = Release|x86
		{1310A592-85DB-4513-81C7-DDEA864401DF}.Debug|Any CPU.ActiveCfg = Debug|Any CPU
		{1310A592-85DB-4513-81C7-DDEA864401DF}.Debug|Any CPU.Build.0 = Debug|Any CPU
		{1310A592-85DB-4513-81C7-DDEA864401DF}.Debug|Mixed Platforms.ActiveCfg = Debug|Any CPU
		{1310A592-85DB-4513-81C7-DDEA864401DF}.Debug|Mixed Platforms.Build.0 = Debug|Any CPU
		{1310A592-85DB-4513-81C7-DDEA864401DF}.Debug|x86.ActiveCfg = Debug|Any CPU
		{1310A592-85DB-4513-81C7-DDEA864401DF}.Release|Any CPU.ActiveCfg = Release|Any CPU
		{1310A592-85DB-4513-81C7-DDEA864401DF}.Release|Any CPU.Build.0 = Release|Any CPU
		{1310A592-85DB-4513-81C7-DDEA864401DF}.Release|Mixed Platforms.ActiveCfg = Release|Any CPU
		{1310A592-85DB-4513-81C7-DDEA864401DF}.Release|Mixed Platforms.Build.0 = Release|Any CPU
		{1310A592-85DB-4513-81C7-DDEA864401DF}.Release|x86.ActiveCfg = Release|Any CPU
	EndGlobalSection
	GlobalSection(SolutionProperties) = preSolution
		HideSolutionNode = FALSE
	EndGlobalSection
EndGlobal
