
Microsoft Visual Studio Solution File, Format Version 10.00
# Visual Studio 2008
Project("{FAE04EC0-301F-11D3-BF4B-00C04F79EFBC}") = "SPPIDAdapterService", "SPPIDAdapterService.csproj", "{6865624F-EEC7-4F4F-B7FF-4483F8D0B22D}"
EndProject
Project("{FAE04EC0-301F-11D3-BF4B-00C04F79EFBC}") = "SPPIDDataLayer", "..\SPPIDDataLayer\SPPIDDataLayer.csproj", "{38C43700-6B3B-4945-B0EE-852510F0949E}"
EndProject
Global
	GlobalSection(SolutionConfigurationPlatforms) = preSolution
		Debug|Any CPU = Debug|Any CPU
		Release|Any CPU = Release|Any CPU
	EndGlobalSection
	GlobalSection(ProjectConfigurationPlatforms) = postSolution
		{6865624F-EEC7-4F4F-B7FF-4483F8D0B22D}.Debug|Any CPU.ActiveCfg = Debug|Any CPU
		{6865624F-EEC7-4F4F-B7FF-4483F8D0B22D}.Debug|Any CPU.Build.0 = Debug|Any CPU
		{6865624F-EEC7-4F4F-B7FF-4483F8D0B22D}.Release|Any CPU.ActiveCfg = Release|Any CPU
		{6865624F-EEC7-4F4F-B7FF-4483F8D0B22D}.Release|Any CPU.Build.0 = Release|Any CPU
		{38C43700-6B3B-4945-B0EE-852510F0949E}.Debug|Any CPU.ActiveCfg = Debug|Any CPU
		{38C43700-6B3B-4945-B0EE-852510F0949E}.Debug|Any CPU.Build.0 = Debug|Any CPU
		{38C43700-6B3B-4945-B0EE-852510F0949E}.Release|Any CPU.ActiveCfg = Release|Any CPU
		{38C43700-6B3B-4945-B0EE-852510F0949E}.Release|Any CPU.Build.0 = Release|Any CPU
	EndGlobalSection
	GlobalSection(SolutionProperties) = preSolution
		HideSolutionNode = FALSE
	EndGlobalSection
EndGlobal
