
Microsoft Visual Studio Solution File, Format Version 11.00
# Visual Studio 2010
Project("{FAE04EC0-301F-11D3-BF4B-00C04F79EFBC}") = "NinjectMVC", "NinjectMVC\NinjectMVC.csproj", "{D0BB71DA-19BE-45FA-9B26-A02649522895}"
EndProject
Project("{FAE04EC0-301F-11D3-BF4B-00C04F79EFBC}") = "NinjectMVC.DataLayer", "NinjectMVC.DataLayer\NinjectMVC.DataLayer.csproj", "{F58D1BD3-8B49-4F43-B411-EE0F8A9A8694}"
EndProject
Project("{FAE04EC0-301F-11D3-BF4B-00C04F79EFBC}") = "NinjectMVC.Library", "NinjectMVC.Library\NinjectMVC.Library.csproj", "{C0C51E8A-B61E-4032-86C4-61571F08CBC0}"
EndProject
Global
	GlobalSection(SolutionConfigurationPlatforms) = preSolution
		Debug|Any CPU = Debug|Any CPU
		Release|Any CPU = Release|Any CPU
	EndGlobalSection
	GlobalSection(ProjectConfigurationPlatforms) = postSolution
		{D0BB71DA-19BE-45FA-9B26-A02649522895}.Debug|Any CPU.ActiveCfg = Debug|Any CPU
		{D0BB71DA-19BE-45FA-9B26-A02649522895}.Debug|Any CPU.Build.0 = Debug|Any CPU
		{D0BB71DA-19BE-45FA-9B26-A02649522895}.Release|Any CPU.ActiveCfg = Release|Any CPU
		{D0BB71DA-19BE-45FA-9B26-A02649522895}.Release|Any CPU.Build.0 = Release|Any CPU
		{F58D1BD3-8B49-4F43-B411-EE0F8A9A8694}.Debug|Any CPU.ActiveCfg = Debug|Any CPU
		{F58D1BD3-8B49-4F43-B411-EE0F8A9A8694}.Debug|Any CPU.Build.0 = Debug|Any CPU
		{F58D1BD3-8B49-4F43-B411-EE0F8A9A8694}.Release|Any CPU.ActiveCfg = Release|Any CPU
		{F58D1BD3-8B49-4F43-B411-EE0F8A9A8694}.Release|Any CPU.Build.0 = Release|Any CPU
		{C0C51E8A-B61E-4032-86C4-61571F08CBC0}.Debug|Any CPU.ActiveCfg = Debug|Any CPU
		{C0C51E8A-B61E-4032-86C4-61571F08CBC0}.Debug|Any CPU.Build.0 = Debug|Any CPU
		{C0C51E8A-B61E-4032-86C4-61571F08CBC0}.Release|Any CPU.ActiveCfg = Release|Any CPU
		{C0C51E8A-B61E-4032-86C4-61571F08CBC0}.Release|Any CPU.Build.0 = Release|Any CPU
	EndGlobalSection
	GlobalSection(SolutionProperties) = preSolution
		HideSolutionNode = FALSE
	EndGlobalSection
EndGlobal
