
Microsoft Visual Studio Solution File, Format Version 11.00
# Visual Studio 2010
Project("{FAE04EC0-301F-11D3-BF4B-00C04F79EFBC}") = "TestConsole", "TestConsole\TestConsole.csproj", "{119C5885-47E4-4845-B5A4-36012A023262}"
EndProject
Global
	GlobalSection(SolutionConfigurationPlatforms) = preSolution
		Debug|x86 = Debug|x86
		Release|x86 = Release|x86
	EndGlobalSection
	GlobalSection(ProjectConfigurationPlatforms) = postSolution
		{119C5885-47E4-4845-B5A4-36012A023262}.Debug|x86.ActiveCfg = Debug|x86
		{119C5885-47E4-4845-B5A4-36012A023262}.Debug|x86.Build.0 = Debug|x86
		{119C5885-47E4-4845-B5A4-36012A023262}.Release|x86.ActiveCfg = Release|x86
		{119C5885-47E4-4845-B5A4-36012A023262}.Release|x86.Build.0 = Release|x86
	EndGlobalSection
	GlobalSection(SolutionProperties) = preSolution
		HideSolutionNode = FALSE
	EndGlobalSection
EndGlobal
