
Microsoft Visual Studio Solution File, Format Version 10.00
# Visual Studio 2008
Project("{FAE04EC0-301F-11D3-BF4B-00C04F79EFBC}") = "ControlPanel", "ControlPanel\ControlPanel.csproj", "{E4BF142C-2D39-4011-91E1-9ECA607A883C}"
EndProject
Project("{E24C65DC-7377-472B-9ABA-BC803B73C61A}") = "ControlPanel.Web", "ControlPanel.Web", "{26D4CDD9-748C-4B51-AE87-724582C6886F}"
	ProjectSection(WebsiteProperties) = preProject
		TargetFramework = "3.5"
		ProjectReferences = "{46FB3942-D0A5-4BFF-97B0-739E56BFB111}|iRINGLibrary.dll;{E937EE2D-064B-4EDA-9E81-7E7F509A784A}|UtilityLibrary.dll;"
		Debug.AspNetCompiler.VirtualPath = "/ControlPanel.Web"
		Debug.AspNetCompiler.PhysicalPath = "ControlPanel.Web\"
		Debug.AspNetCompiler.TargetPath = "PrecompiledWeb\ControlPanel.Web\"
		Debug.AspNetCompiler.Updateable = "true"
		Debug.AspNetCompiler.ForceOverwrite = "true"
		Debug.AspNetCompiler.FixedNames = "false"
		Debug.AspNetCompiler.Debug = "True"
		Release.AspNetCompiler.VirtualPath = "/ControlPanel.Web"
		Release.AspNetCompiler.PhysicalPath = "ControlPanel.Web\"
		Release.AspNetCompiler.TargetPath = "PrecompiledWeb\ControlPanel.Web\"
		Release.AspNetCompiler.Updateable = "true"
		Release.AspNetCompiler.ForceOverwrite = "true"
		Release.AspNetCompiler.FixedNames = "false"
		Release.AspNetCompiler.Debug = "False"
		VWDPort = "59572"
		DefaultWebSiteLanguage = "Visual C#"
		ProjOutputReferences = "{E4BF142C-2D39-4011-91E1-9ECA607A883C}|ClientBin|false;"
	EndProjectSection
EndProject
Project("{FAE04EC0-301F-11D3-BF4B-00C04F79EFBC}") = "iRINGLibrary", "..\Libraries\iRINGLibrary\iRINGLibrary.csproj", "{46FB3942-D0A5-4BFF-97B0-739E56BFB111}"
EndProject
Project("{FAE04EC0-301F-11D3-BF4B-00C04F79EFBC}") = "UtilityLibrary", "..\Libraries\UtilityLibrary\UtilityLibrary.csproj", "{E937EE2D-064B-4EDA-9E81-7E7F509A784A}"
EndProject
Project("{FAE04EC0-301F-11D3-BF4B-00C04F79EFBC}") = "EncryptCredentials", "CreateEndpoints\EncryptCredentials.csproj", "{6AEFEBD1-E1C7-442F-81AD-BAA48560777C}"
EndProject
Global
	GlobalSection(SolutionConfigurationPlatforms) = preSolution
		Debug|Any CPU = Debug|Any CPU
		Release|Any CPU = Release|Any CPU
	EndGlobalSection
	GlobalSection(ProjectConfigurationPlatforms) = postSolution
		{E4BF142C-2D39-4011-91E1-9ECA607A883C}.Debug|Any CPU.ActiveCfg = Debug|Any CPU
		{E4BF142C-2D39-4011-91E1-9ECA607A883C}.Debug|Any CPU.Build.0 = Debug|Any CPU
		{E4BF142C-2D39-4011-91E1-9ECA607A883C}.Release|Any CPU.ActiveCfg = Release|Any CPU
		{E4BF142C-2D39-4011-91E1-9ECA607A883C}.Release|Any CPU.Build.0 = Release|Any CPU
		{26D4CDD9-748C-4B51-AE87-724582C6886F}.Debug|Any CPU.ActiveCfg = Debug|Any CPU
		{26D4CDD9-748C-4B51-AE87-724582C6886F}.Debug|Any CPU.Build.0 = Debug|Any CPU
		{26D4CDD9-748C-4B51-AE87-724582C6886F}.Release|Any CPU.ActiveCfg = Debug|Any CPU
		{26D4CDD9-748C-4B51-AE87-724582C6886F}.Release|Any CPU.Build.0 = Debug|Any CPU
		{46FB3942-D0A5-4BFF-97B0-739E56BFB111}.Debug|Any CPU.ActiveCfg = Debug|Any CPU
		{46FB3942-D0A5-4BFF-97B0-739E56BFB111}.Debug|Any CPU.Build.0 = Debug|Any CPU
		{46FB3942-D0A5-4BFF-97B0-739E56BFB111}.Release|Any CPU.ActiveCfg = Release|Any CPU
		{46FB3942-D0A5-4BFF-97B0-739E56BFB111}.Release|Any CPU.Build.0 = Release|Any CPU
		{E937EE2D-064B-4EDA-9E81-7E7F509A784A}.Debug|Any CPU.ActiveCfg = Debug|Any CPU
		{E937EE2D-064B-4EDA-9E81-7E7F509A784A}.Debug|Any CPU.Build.0 = Debug|Any CPU
		{E937EE2D-064B-4EDA-9E81-7E7F509A784A}.Release|Any CPU.ActiveCfg = Release|Any CPU
		{E937EE2D-064B-4EDA-9E81-7E7F509A784A}.Release|Any CPU.Build.0 = Release|Any CPU
		{6AEFEBD1-E1C7-442F-81AD-BAA48560777C}.Debug|Any CPU.ActiveCfg = Debug|Any CPU
		{6AEFEBD1-E1C7-442F-81AD-BAA48560777C}.Debug|Any CPU.Build.0 = Debug|Any CPU
		{6AEFEBD1-E1C7-442F-81AD-BAA48560777C}.Release|Any CPU.ActiveCfg = Release|Any CPU
		{6AEFEBD1-E1C7-442F-81AD-BAA48560777C}.Release|Any CPU.Build.0 = Release|Any CPU
	EndGlobalSection
	GlobalSection(SolutionProperties) = preSolution
		HideSolutionNode = FALSE
	EndGlobalSection
EndGlobal
